// !$*UTF8*$!
{
	archiveVersion = 1;
	classes = {
	};
	objectVersion = 55;
	objects = {

/* Begin PBXBuildFile section */
		552C6ACD285B23C7001F4FB5 /* CeMealApp.swift in Sources */ = {isa = PBXBuildFile; fileRef = 552C6ACC285B23C7001F4FB5 /* CeMealApp.swift */; };
		552C6ACF285B23C7001F4FB5 /* ContentView.swift in Sources */ = {isa = PBXBuildFile; fileRef = 552C6ACE285B23C7001F4FB5 /* ContentView.swift */; };
		552C6AD1285B23C9001F4FB5 /* Assets.xcassets in Resources */ = {isa = PBXBuildFile; fileRef = 552C6AD0285B23C9001F4FB5 /* Assets.xcassets */; };
		552C6AD4285B23C9001F4FB5 /* Preview Assets.xcassets in Resources */ = {isa = PBXBuildFile; fileRef = 552C6AD3285B23C9001F4FB5 /* Preview Assets.xcassets */; };
		552C6AD6285B23C9001F4FB5 /* Persistence.swift in Sources */ = {isa = PBXBuildFile; fileRef = 552C6AD5285B23C9001F4FB5 /* Persistence.swift */; };
		552C6AD9285B23C9001F4FB5 /* CeMeal.xcdatamodeld in Sources */ = {isa = PBXBuildFile; fileRef = 552C6AD7285B23C9001F4FB5 /* CeMeal.xcdatamodeld */; };
		FA0276E62864389C0032B1DD /* Date.swift in Sources */ = {isa = PBXBuildFile; fileRef = FA0276E52864389B0032B1DD /* Date.swift */; };
		FA0276E828643BE20032B1DD /* Float.swift in Sources */ = {isa = PBXBuildFile; fileRef = FA0276E728643BE20032B1DD /* Float.swift */; };
		FA6D87662862D7BF000E5225 /* IngredientView.swift in Sources */ = {isa = PBXBuildFile; fileRef = FA6D87652862D7BF000E5225 /* IngredientView.swift */; };
		FA6D876E28631DA0000E5225 /* NavigationBarModifier.swift in Sources */ = {isa = PBXBuildFile; fileRef = FA6D876D28631DA0000E5225 /* NavigationBarModifier.swift */; };
		FA6D877028631F6E000E5225 /* Color.swift in Sources */ = {isa = PBXBuildFile; fileRef = FA6D876F28631F6E000E5225 /* Color.swift */; };
		FA6D877328632049000E5225 /* Ingredient.swift in Sources */ = {isa = PBXBuildFile; fileRef = FA6D877228632049000E5225 /* Ingredient.swift */; };
		FA6D87762863213C000E5225 /* IngredientViewModel.swift in Sources */ = {isa = PBXBuildFile; fileRef = FA6D87752863213C000E5225 /* IngredientViewModel.swift */; };
		FA6D877A2863278A000E5225 /* IngredientListView.swift in Sources */ = {isa = PBXBuildFile; fileRef = FA6D87792863278A000E5225 /* IngredientListView.swift */; };
		FA6DAE03286CFD80006A5AE6 /* IngredientDetailView.swift in Sources */ = {isa = PBXBuildFile; fileRef = FA6DAE02286CFD80006A5AE6 /* IngredientDetailView.swift */; };
		FA6DAE09286D8044006A5AE6 /* Leftover.swift in Sources */ = {isa = PBXBuildFile; fileRef = FA6DAE08286D8044006A5AE6 /* Leftover.swift */; };
		FA6DAE0B286DC3B5006A5AE6 /* LeftoverViewModel.swift in Sources */ = {isa = PBXBuildFile; fileRef = FA6DAE0A286DC3B5006A5AE6 /* LeftoverViewModel.swift */; };
		FAA77538286AD7BE009D4F2B /* AddIngredientView.swift in Sources */ = {isa = PBXBuildFile; fileRef = FAA77537286AD7BE009D4F2B /* AddIngredientView.swift */; };
		FAC70C5B28656D7F006CEF12 /* Button.swift in Sources */ = {isa = PBXBuildFile; fileRef = FAC70C5A28656D7F006CEF12 /* Button.swift */; };
		FAC70C5D28658ABB006CEF12 /* SampleContentView.swift in Sources */ = {isa = PBXBuildFile; fileRef = FAC70C5C28658ABB006CEF12 /* SampleContentView.swift */; };
		FAC70C6028666D17006CEF12 /* FavoriteView.swift in Sources */ = {isa = PBXBuildFile; fileRef = FAC70C5F28666D17006CEF12 /* FavoriteView.swift */; };
		FAD63A6428666FF5002B6130 /* Recipe.swift in Sources */ = {isa = PBXBuildFile; fileRef = FAD63A6328666FF5002B6130 /* Recipe.swift */; };
		FAD63A6628667159002B6130 /* RecipeViewModel.swift in Sources */ = {isa = PBXBuildFile; fileRef = FAD63A6528667159002B6130 /* RecipeViewModel.swift */; };
		FAD63A682866A0E7002B6130 /* RecipeListView.swift in Sources */ = {isa = PBXBuildFile; fileRef = FAD63A672866A0E7002B6130 /* RecipeListView.swift */; };
		FAD63A6B2866A248002B6130 /* RecipeView.swift in Sources */ = {isa = PBXBuildFile; fileRef = FAD63A6A2866A248002B6130 /* RecipeView.swift */; };
		FAD63A6D2866A2D1002B6130 /* Image.swift in Sources */ = {isa = PBXBuildFile; fileRef = FAD63A6C2866A2D1002B6130 /* Image.swift */; };
		FAD63A7028675895002B6130 /* RecipeIngredientsView.swift in Sources */ = {isa = PBXBuildFile; fileRef = FAD63A6F28675895002B6130 /* RecipeIngredientsView.swift */; };
		FAD63A72286758A5002B6130 /* RecipeDirectionsView.swift in Sources */ = {isa = PBXBuildFile; fileRef = FAD63A71286758A5002B6130 /* RecipeDirectionsView.swift */; };
		FAD63A74286758B5002B6130 /* RecipeSuggestionsView.swift in Sources */ = {isa = PBXBuildFile; fileRef = FAD63A73286758B5002B6130 /* RecipeSuggestionsView.swift */; };
		FAF6D5A828645F2D005FD65A /* CloudKit.framework in Frameworks */ = {isa = PBXBuildFile; fileRef = FAF6D5A728645F2D005FD65A /* CloudKit.framework */; };
/* End PBXBuildFile section */

/* Begin PBXFileReference section */
		552C6AC9285B23C7001F4FB5 /* CeMeal.app */ = {isa = PBXFileReference; explicitFileType = wrapper.application; includeInIndex = 0; path = CeMeal.app; sourceTree = BUILT_PRODUCTS_DIR; };
		552C6ACC285B23C7001F4FB5 /* CeMealApp.swift */ = {isa = PBXFileReference; lastKnownFileType = sourcecode.swift; path = CeMealApp.swift; sourceTree = "<group>"; };
		552C6ACE285B23C7001F4FB5 /* ContentView.swift */ = {isa = PBXFileReference; lastKnownFileType = sourcecode.swift; path = ContentView.swift; sourceTree = "<group>"; };
		552C6AD0285B23C9001F4FB5 /* Assets.xcassets */ = {isa = PBXFileReference; lastKnownFileType = folder.assetcatalog; path = Assets.xcassets; sourceTree = "<group>"; };
		552C6AD3285B23C9001F4FB5 /* Preview Assets.xcassets */ = {isa = PBXFileReference; lastKnownFileType = folder.assetcatalog; path = "Preview Assets.xcassets"; sourceTree = "<group>"; };
		552C6AD5285B23C9001F4FB5 /* Persistence.swift */ = {isa = PBXFileReference; lastKnownFileType = sourcecode.swift; path = Persistence.swift; sourceTree = "<group>"; };
		552C6AD8285B23C9001F4FB5 /* CeMeal.xcdatamodel */ = {isa = PBXFileReference; lastKnownFileType = wrapper.xcdatamodel; path = CeMeal.xcdatamodel; sourceTree = "<group>"; };
		FA0276E52864389B0032B1DD /* Date.swift */ = {isa = PBXFileReference; lastKnownFileType = sourcecode.swift; path = Date.swift; sourceTree = "<group>"; };
		FA0276E728643BE20032B1DD /* Float.swift */ = {isa = PBXFileReference; lastKnownFileType = sourcecode.swift; path = Float.swift; sourceTree = "<group>"; };
		FA6D87652862D7BF000E5225 /* IngredientView.swift */ = {isa = PBXFileReference; lastKnownFileType = sourcecode.swift; path = IngredientView.swift; sourceTree = "<group>"; };
		FA6D876D28631DA0000E5225 /* NavigationBarModifier.swift */ = {isa = PBXFileReference; lastKnownFileType = sourcecode.swift; path = NavigationBarModifier.swift; sourceTree = "<group>"; };
		FA6D876F28631F6E000E5225 /* Color.swift */ = {isa = PBXFileReference; lastKnownFileType = sourcecode.swift; path = Color.swift; sourceTree = "<group>"; };
		FA6D877228632049000E5225 /* Ingredient.swift */ = {isa = PBXFileReference; lastKnownFileType = sourcecode.swift; path = Ingredient.swift; sourceTree = "<group>"; };
		FA6D87752863213C000E5225 /* IngredientViewModel.swift */ = {isa = PBXFileReference; lastKnownFileType = sourcecode.swift; path = IngredientViewModel.swift; sourceTree = "<group>"; };
		FA6D87792863278A000E5225 /* IngredientListView.swift */ = {isa = PBXFileReference; lastKnownFileType = sourcecode.swift; path = IngredientListView.swift; sourceTree = "<group>"; };
		FA6DAE02286CFD80006A5AE6 /* IngredientDetailView.swift */ = {isa = PBXFileReference; lastKnownFileType = sourcecode.swift; path = IngredientDetailView.swift; sourceTree = "<group>"; };
		FA6DAE08286D8044006A5AE6 /* Leftover.swift */ = {isa = PBXFileReference; lastKnownFileType = sourcecode.swift; path = Leftover.swift; sourceTree = "<group>"; };
		FA6DAE0A286DC3B5006A5AE6 /* LeftoverViewModel.swift */ = {isa = PBXFileReference; lastKnownFileType = sourcecode.swift; path = LeftoverViewModel.swift; sourceTree = "<group>"; };
		FAA77537286AD7BE009D4F2B /* AddIngredientView.swift */ = {isa = PBXFileReference; lastKnownFileType = sourcecode.swift; path = AddIngredientView.swift; sourceTree = "<group>"; };
		FAC70C5A28656D7F006CEF12 /* Button.swift */ = {isa = PBXFileReference; lastKnownFileType = sourcecode.swift; path = Button.swift; sourceTree = "<group>"; };
		FAC70C5C28658ABB006CEF12 /* SampleContentView.swift */ = {isa = PBXFileReference; lastKnownFileType = sourcecode.swift; path = SampleContentView.swift; sourceTree = "<group>"; };
		FAC70C5F28666D17006CEF12 /* FavoriteView.swift */ = {isa = PBXFileReference; lastKnownFileType = sourcecode.swift; path = FavoriteView.swift; sourceTree = "<group>"; };
		FAD63A6328666FF5002B6130 /* Recipe.swift */ = {isa = PBXFileReference; lastKnownFileType = sourcecode.swift; path = Recipe.swift; sourceTree = "<group>"; };
		FAD63A6528667159002B6130 /* RecipeViewModel.swift */ = {isa = PBXFileReference; lastKnownFileType = sourcecode.swift; path = RecipeViewModel.swift; sourceTree = "<group>"; };
		FAD63A672866A0E7002B6130 /* RecipeListView.swift */ = {isa = PBXFileReference; lastKnownFileType = sourcecode.swift; path = RecipeListView.swift; sourceTree = "<group>"; };
		FAD63A6A2866A248002B6130 /* RecipeView.swift */ = {isa = PBXFileReference; lastKnownFileType = sourcecode.swift; path = RecipeView.swift; sourceTree = "<group>"; };
		FAD63A6C2866A2D1002B6130 /* Image.swift */ = {isa = PBXFileReference; lastKnownFileType = sourcecode.swift; path = Image.swift; sourceTree = "<group>"; };
		FAD63A6F28675895002B6130 /* RecipeIngredientsView.swift */ = {isa = PBXFileReference; lastKnownFileType = sourcecode.swift; path = RecipeIngredientsView.swift; sourceTree = "<group>"; };
		FAD63A71286758A5002B6130 /* RecipeDirectionsView.swift */ = {isa = PBXFileReference; lastKnownFileType = sourcecode.swift; path = RecipeDirectionsView.swift; sourceTree = "<group>"; };
		FAD63A73286758B5002B6130 /* RecipeSuggestionsView.swift */ = {isa = PBXFileReference; lastKnownFileType = sourcecode.swift; path = RecipeSuggestionsView.swift; sourceTree = "<group>"; };
		FAF6D5A528645F21005FD65A /* CeMeal.entitlements */ = {isa = PBXFileReference; lastKnownFileType = text.plist.entitlements; path = CeMeal.entitlements; sourceTree = "<group>"; };
		FAF6D5A728645F2D005FD65A /* CloudKit.framework */ = {isa = PBXFileReference; lastKnownFileType = wrapper.framework; name = CloudKit.framework; path = System/Library/Frameworks/CloudKit.framework; sourceTree = SDKROOT; };
/* End PBXFileReference section */

/* Begin PBXFrameworksBuildPhase section */
		552C6AC6285B23C7001F4FB5 /* Frameworks */ = {
			isa = PBXFrameworksBuildPhase;
			buildActionMask = 2147483647;
			files = (
				FAF6D5A828645F2D005FD65A /* CloudKit.framework in Frameworks */,
			);
			runOnlyForDeploymentPostprocessing = 0;
		};
/* End PBXFrameworksBuildPhase section */

/* Begin PBXGroup section */
		552C6AC0285B23C7001F4FB5 = {
			isa = PBXGroup;
			children = (
				552C6ACB285B23C7001F4FB5 /* CeMeal */,
				552C6ACA285B23C7001F4FB5 /* Products */,
				FAF6D5A628645F2D005FD65A /* Frameworks */,
			);
			sourceTree = "<group>";
		};
		552C6ACA285B23C7001F4FB5 /* Products */ = {
			isa = PBXGroup;
			children = (
				552C6AC9285B23C7001F4FB5 /* CeMeal.app */,
			);
			name = Products;
			sourceTree = "<group>";
		};
		552C6ACB285B23C7001F4FB5 /* CeMeal */ = {
			isa = PBXGroup;
			children = (
				FAF6D5A528645F21005FD65A /* CeMeal.entitlements */,
				552C6ACC285B23C7001F4FB5 /* CeMealApp.swift */,
				552C6AD0285B23C9001F4FB5 /* Assets.xcassets */,
				552C6AD5285B23C9001F4FB5 /* Persistence.swift */,
				552C6AD7285B23C9001F4FB5 /* CeMeal.xcdatamodeld */,
				FA0276E4286438810032B1DD /* Helper */,
				FA6D877128632009000E5225 /* Model */,
				FA6D876B28631BF7000E5225 /* View */,
				FA6D877428632117000E5225 /* ViewModel */,
				552C6AD2285B23C9001F4FB5 /* Preview Content */,
			);
			path = CeMeal;
			sourceTree = "<group>";
		};
		552C6AD2285B23C9001F4FB5 /* Preview Content */ = {
			isa = PBXGroup;
			children = (
				552C6AD3285B23C9001F4FB5 /* Preview Assets.xcassets */,
			);
			path = "Preview Content";
			sourceTree = "<group>";
		};
		FA0276E4286438810032B1DD /* Helper */ = {
			isa = PBXGroup;
			children = (
				FA0276E52864389B0032B1DD /* Date.swift */,
				FA0276E728643BE20032B1DD /* Float.swift */,
			);
			path = Helper;
			sourceTree = "<group>";
		};
		FA6D876B28631BF7000E5225 /* View */ = {
			isa = PBXGroup;
			children = (
				FA6D876C28631D85000E5225 /* Components */,
				FA6D877828632511000E5225 /* IngredientView */,
				FAC70C5E28666CF2006CEF12 /* FavoriteView */,
				FAD63A692866A164002B6130 /* RecipeView */,
				FAA77536286AD751009D4F2B /* AddIngredientView */,
				552C6ACE285B23C7001F4FB5 /* ContentView.swift */,
				FAC70C5C28658ABB006CEF12 /* SampleContentView.swift */,
			);
			path = View;
			sourceTree = "<group>";
		};
		FA6D876C28631D85000E5225 /* Components */ = {
			isa = PBXGroup;
			children = (
				FA6D876D28631DA0000E5225 /* NavigationBarModifier.swift */,
				FA6D876F28631F6E000E5225 /* Color.swift */,
				FAC70C5A28656D7F006CEF12 /* Button.swift */,
				FAD63A6C2866A2D1002B6130 /* Image.swift */,
			);
			path = Components;
			sourceTree = "<group>";
		};
		FA6D877128632009000E5225 /* Model */ = {
			isa = PBXGroup;
			children = (
				FA6D877228632049000E5225 /* Ingredient.swift */,
				FA6DAE08286D8044006A5AE6 /* Leftover.swift */,
				FAD63A6328666FF5002B6130 /* Recipe.swift */,
			);
			path = Model;
			sourceTree = "<group>";
		};
		FA6D877428632117000E5225 /* ViewModel */ = {
			isa = PBXGroup;
			children = (
				FA6D87752863213C000E5225 /* IngredientViewModel.swift */,
				FA6DAE0A286DC3B5006A5AE6 /* LeftoverViewModel.swift */,
				FAD63A6528667159002B6130 /* RecipeViewModel.swift */,
			);
			path = ViewModel;
			sourceTree = "<group>";
		};
		FA6D877828632511000E5225 /* IngredientView */ = {
			isa = PBXGroup;
			children = (
				FA6D87652862D7BF000E5225 /* IngredientView.swift */,
				FA6D87792863278A000E5225 /* IngredientListView.swift */,
				FA6DAE02286CFD80006A5AE6 /* IngredientDetailView.swift */,
			);
			path = IngredientView;
			sourceTree = "<group>";
		};
		FAA77536286AD751009D4F2B /* AddIngredientView */ = {
			isa = PBXGroup;
			children = (
				FAA77537286AD7BE009D4F2B /* AddIngredientView.swift */,
			);
			path = AddIngredientView;
			sourceTree = "<group>";
		};
		FAC70C5E28666CF2006CEF12 /* FavoriteView */ = {
			isa = PBXGroup;
			children = (
				FAC70C5F28666D17006CEF12 /* FavoriteView.swift */,
			);
			path = FavoriteView;
			sourceTree = "<group>";
		};
		FAD63A692866A164002B6130 /* RecipeView */ = {
			isa = PBXGroup;
			children = (
				FAD63A672866A0E7002B6130 /* RecipeListView.swift */,
				FAD63A6A2866A248002B6130 /* RecipeView.swift */,
				FAD63A6F28675895002B6130 /* RecipeIngredientsView.swift */,
				FAD63A71286758A5002B6130 /* RecipeDirectionsView.swift */,
				FAD63A73286758B5002B6130 /* RecipeSuggestionsView.swift */,
			);
			path = RecipeView;
			sourceTree = "<group>";
		};
		FAF6D5A628645F2D005FD65A /* Frameworks */ = {
			isa = PBXGroup;
			children = (
				FAF6D5A728645F2D005FD65A /* CloudKit.framework */,
			);
			name = Frameworks;
			sourceTree = "<group>";
		};
/* End PBXGroup section */

/* Begin PBXNativeTarget section */
		552C6AC8285B23C7001F4FB5 /* CeMeal */ = {
			isa = PBXNativeTarget;
			buildConfigurationList = 552C6ADC285B23C9001F4FB5 /* Build configuration list for PBXNativeTarget "CeMeal" */;
			buildPhases = (
				552C6AC5285B23C7001F4FB5 /* Sources */,
				552C6AC6285B23C7001F4FB5 /* Frameworks */,
				552C6AC7285B23C7001F4FB5 /* Resources */,
			);
			buildRules = (
			);
			dependencies = (
			);
			name = CeMeal;
			productName = CeMeal;
			productReference = 552C6AC9285B23C7001F4FB5 /* CeMeal.app */;
			productType = "com.apple.product-type.application";
		};
/* End PBXNativeTarget section */

/* Begin PBXProject section */
		552C6AC1285B23C7001F4FB5 /* Project object */ = {
			isa = PBXProject;
			attributes = {
				BuildIndependentTargetsInParallel = 1;
				LastSwiftUpdateCheck = 1340;
				LastUpgradeCheck = 1340;
				TargetAttributes = {
					552C6AC8285B23C7001F4FB5 = {
						CreatedOnToolsVersion = 13.4.1;
					};
				};
			};
			buildConfigurationList = 552C6AC4285B23C7001F4FB5 /* Build configuration list for PBXProject "CeMeal" */;
			compatibilityVersion = "Xcode 13.0";
			developmentRegion = en;
			hasScannedForEncodings = 0;
			knownRegions = (
				en,
				Base,
			);
			mainGroup = 552C6AC0285B23C7001F4FB5;
			productRefGroup = 552C6ACA285B23C7001F4FB5 /* Products */;
			projectDirPath = "";
			projectRoot = "";
			targets = (
				552C6AC8285B23C7001F4FB5 /* CeMeal */,
			);
		};
/* End PBXProject section */

/* Begin PBXResourcesBuildPhase section */
		552C6AC7285B23C7001F4FB5 /* Resources */ = {
			isa = PBXResourcesBuildPhase;
			buildActionMask = 2147483647;
			files = (
				552C6AD4285B23C9001F4FB5 /* Preview Assets.xcassets in Resources */,
				552C6AD1285B23C9001F4FB5 /* Assets.xcassets in Resources */,
			);
			runOnlyForDeploymentPostprocessing = 0;
		};
/* End PBXResourcesBuildPhase section */

/* Begin PBXSourcesBuildPhase section */
		552C6AC5285B23C7001F4FB5 /* Sources */ = {
			isa = PBXSourcesBuildPhase;
			buildActionMask = 2147483647;
			files = (
				FA6DAE0B286DC3B5006A5AE6 /* LeftoverViewModel.swift in Sources */,
				FAD63A682866A0E7002B6130 /* RecipeListView.swift in Sources */,
				FA6D87762863213C000E5225 /* IngredientViewModel.swift in Sources */,
				FAD63A72286758A5002B6130 /* RecipeDirectionsView.swift in Sources */,
				FA6DAE03286CFD80006A5AE6 /* IngredientDetailView.swift in Sources */,
				552C6AD6285B23C9001F4FB5 /* Persistence.swift in Sources */,
				FAD63A74286758B5002B6130 /* RecipeSuggestionsView.swift in Sources */,
				552C6ACF285B23C7001F4FB5 /* ContentView.swift in Sources */,
				FAD63A6628667159002B6130 /* RecipeViewModel.swift in Sources */,
				FA6D877028631F6E000E5225 /* Color.swift in Sources */,
				FA6D876E28631DA0000E5225 /* NavigationBarModifier.swift in Sources */,
				FA6D877A2863278A000E5225 /* IngredientListView.swift in Sources */,
				FAC70C5D28658ABB006CEF12 /* SampleContentView.swift in Sources */,
				FAD63A6D2866A2D1002B6130 /* Image.swift in Sources */,
				FAD63A7028675895002B6130 /* RecipeIngredientsView.swift in Sources */,
				FA6D877328632049000E5225 /* Ingredient.swift in Sources */,
				552C6AD9285B23C9001F4FB5 /* CeMeal.xcdatamodeld in Sources */,
				FA6DAE09286D8044006A5AE6 /* Leftover.swift in Sources */,
				FAD63A6B2866A248002B6130 /* RecipeView.swift in Sources */,
				FA0276E828643BE20032B1DD /* Float.swift in Sources */,
				FA0276E62864389C0032B1DD /* Date.swift in Sources */,
				FA6D87662862D7BF000E5225 /* IngredientView.swift in Sources */,
				FAC70C5B28656D7F006CEF12 /* Button.swift in Sources */,
				FAC70C6028666D17006CEF12 /* FavoriteView.swift in Sources */,
				552C6ACD285B23C7001F4FB5 /* CeMealApp.swift in Sources */,
				FAD63A6428666FF5002B6130 /* Recipe.swift in Sources */,
				FAA77538286AD7BE009D4F2B /* AddIngredientView.swift in Sources */,
			);
			runOnlyForDeploymentPostprocessing = 0;
		};
/* End PBXSourcesBuildPhase section */

/* Begin XCBuildConfiguration section */
		552C6ADA285B23C9001F4FB5 /* Debug */ = {
			isa = XCBuildConfiguration;
			buildSettings = {
				ALWAYS_SEARCH_USER_PATHS = NO;
				CLANG_ANALYZER_NONNULL = YES;
				CLANG_ANALYZER_NUMBER_OBJECT_CONVERSION = YES_AGGRESSIVE;
				CLANG_CXX_LANGUAGE_STANDARD = "gnu++17";
				CLANG_ENABLE_MODULES = YES;
				CLANG_ENABLE_OBJC_ARC = YES;
				CLANG_ENABLE_OBJC_WEAK = YES;
				CLANG_WARN_BLOCK_CAPTURE_AUTORELEASING = YES;
				CLANG_WARN_BOOL_CONVERSION = YES;
				CLANG_WARN_COMMA = YES;
				CLANG_WARN_CONSTANT_CONVERSION = YES;
				CLANG_WARN_DEPRECATED_OBJC_IMPLEMENTATIONS = YES;
				CLANG_WARN_DIRECT_OBJC_ISA_USAGE = YES_ERROR;
				CLANG_WARN_DOCUMENTATION_COMMENTS = YES;
				CLANG_WARN_EMPTY_BODY = YES;
				CLANG_WARN_ENUM_CONVERSION = YES;
				CLANG_WARN_INFINITE_RECURSION = YES;
				CLANG_WARN_INT_CONVERSION = YES;
				CLANG_WARN_NON_LITERAL_NULL_CONVERSION = YES;
				CLANG_WARN_OBJC_IMPLICIT_RETAIN_SELF = YES;
				CLANG_WARN_OBJC_LITERAL_CONVERSION = YES;
				CLANG_WARN_OBJC_ROOT_CLASS = YES_ERROR;
				CLANG_WARN_QUOTED_INCLUDE_IN_FRAMEWORK_HEADER = YES;
				CLANG_WARN_RANGE_LOOP_ANALYSIS = YES;
				CLANG_WARN_STRICT_PROTOTYPES = YES;
				CLANG_WARN_SUSPICIOUS_MOVE = YES;
				CLANG_WARN_UNGUARDED_AVAILABILITY = YES_AGGRESSIVE;
				CLANG_WARN_UNREACHABLE_CODE = YES;
				CLANG_WARN__DUPLICATE_METHOD_MATCH = YES;
				COPY_PHASE_STRIP = NO;
				DEBUG_INFORMATION_FORMAT = dwarf;
				ENABLE_STRICT_OBJC_MSGSEND = YES;
				ENABLE_TESTABILITY = YES;
				GCC_C_LANGUAGE_STANDARD = gnu11;
				GCC_DYNAMIC_NO_PIC = NO;
				GCC_NO_COMMON_BLOCKS = YES;
				GCC_OPTIMIZATION_LEVEL = 0;
				GCC_PREPROCESSOR_DEFINITIONS = (
					"DEBUG=1",
					"$(inherited)",
				);
				GCC_WARN_64_TO_32_BIT_CONVERSION = YES;
				GCC_WARN_ABOUT_RETURN_TYPE = YES_ERROR;
				GCC_WARN_UNDECLARED_SELECTOR = YES;
				GCC_WARN_UNINITIALIZED_AUTOS = YES_AGGRESSIVE;
				GCC_WARN_UNUSED_FUNCTION = YES;
				GCC_WARN_UNUSED_VARIABLE = YES;
				IPHONEOS_DEPLOYMENT_TARGET = 15.5;
				MTL_ENABLE_DEBUG_INFO = INCLUDE_SOURCE;
				MTL_FAST_MATH = YES;
				ONLY_ACTIVE_ARCH = YES;
				SDKROOT = iphoneos;
				SWIFT_ACTIVE_COMPILATION_CONDITIONS = DEBUG;
				SWIFT_OPTIMIZATION_LEVEL = "-Onone";
			};
			name = Debug;
		};
		552C6ADB285B23C9001F4FB5 /* Release */ = {
			isa = XCBuildConfiguration;
			buildSettings = {
				ALWAYS_SEARCH_USER_PATHS = NO;
				CLANG_ANALYZER_NONNULL = YES;
				CLANG_ANALYZER_NUMBER_OBJECT_CONVERSION = YES_AGGRESSIVE;
				CLANG_CXX_LANGUAGE_STANDARD = "gnu++17";
				CLANG_ENABLE_MODULES = YES;
				CLANG_ENABLE_OBJC_ARC = YES;
				CLANG_ENABLE_OBJC_WEAK = YES;
				CLANG_WARN_BLOCK_CAPTURE_AUTORELEASING = YES;
				CLANG_WARN_BOOL_CONVERSION = YES;
				CLANG_WARN_COMMA = YES;
				CLANG_WARN_CONSTANT_CONVERSION = YES;
				CLANG_WARN_DEPRECATED_OBJC_IMPLEMENTATIONS = YES;
				CLANG_WARN_DIRECT_OBJC_ISA_USAGE = YES_ERROR;
				CLANG_WARN_DOCUMENTATION_COMMENTS = YES;
				CLANG_WARN_EMPTY_BODY = YES;
				CLANG_WARN_ENUM_CONVERSION = YES;
				CLANG_WARN_INFINITE_RECURSION = YES;
				CLANG_WARN_INT_CONVERSION = YES;
				CLANG_WARN_NON_LITERAL_NULL_CONVERSION = YES;
				CLANG_WARN_OBJC_IMPLICIT_RETAIN_SELF = YES;
				CLANG_WARN_OBJC_LITERAL_CONVERSION = YES;
				CLANG_WARN_OBJC_ROOT_CLASS = YES_ERROR;
				CLANG_WARN_QUOTED_INCLUDE_IN_FRAMEWORK_HEADER = YES;
				CLANG_WARN_RANGE_LOOP_ANALYSIS = YES;
				CLANG_WARN_STRICT_PROTOTYPES = YES;
				CLANG_WARN_SUSPICIOUS_MOVE = YES;
				CLANG_WARN_UNGUARDED_AVAILABILITY = YES_AGGRESSIVE;
				CLANG_WARN_UNREACHABLE_CODE = YES;
				CLANG_WARN__DUPLICATE_METHOD_MATCH = YES;
				COPY_PHASE_STRIP = NO;
				DEBUG_INFORMATION_FORMAT = "dwarf-with-dsym";
				ENABLE_NS_ASSERTIONS = NO;
				ENABLE_STRICT_OBJC_MSGSEND = YES;
				GCC_C_LANGUAGE_STANDARD = gnu11;
				GCC_NO_COMMON_BLOCKS = YES;
				GCC_WARN_64_TO_32_BIT_CONVERSION = YES;
				GCC_WARN_ABOUT_RETURN_TYPE = YES_ERROR;
				GCC_WARN_UNDECLARED_SELECTOR = YES;
				GCC_WARN_UNINITIALIZED_AUTOS = YES_AGGRESSIVE;
				GCC_WARN_UNUSED_FUNCTION = YES;
				GCC_WARN_UNUSED_VARIABLE = YES;
				IPHONEOS_DEPLOYMENT_TARGET = 15.5;
				MTL_ENABLE_DEBUG_INFO = NO;
				MTL_FAST_MATH = YES;
				SDKROOT = iphoneos;
				SWIFT_COMPILATION_MODE = wholemodule;
				SWIFT_OPTIMIZATION_LEVEL = "-O";
				VALIDATE_PRODUCT = YES;
			};
			name = Release;
		};
		552C6ADD285B23C9001F4FB5 /* Debug */ = {
			isa = XCBuildConfiguration;
			buildSettings = {
				ASSETCATALOG_COMPILER_APPICON_NAME = AppIcon;
				ASSETCATALOG_COMPILER_GLOBAL_ACCENT_COLOR_NAME = AccentColor;
				CODE_SIGN_ENTITLEMENTS = CeMeal/CeMeal.entitlements;
				CODE_SIGN_STYLE = Automatic;
				CURRENT_PROJECT_VERSION = 1;
				DEVELOPMENT_ASSET_PATHS = "\"CeMeal/Preview Content\"";
				DEVELOPMENT_TEAM = 6PDVJXGB2J;
				ENABLE_PREVIEWS = YES;
				GENERATE_INFOPLIST_FILE = YES;
				INFOPLIST_KEY_UIApplicationSceneManifest_Generation = YES;
				INFOPLIST_KEY_UIApplicationSupportsIndirectInputEvents = YES;
				INFOPLIST_KEY_UILaunchScreen_Generation = YES;
				INFOPLIST_KEY_UISupportedInterfaceOrientations_iPad = "UIInterfaceOrientationPortrait UIInterfaceOrientationPortraitUpsideDown UIInterfaceOrientationLandscapeLeft UIInterfaceOrientationLandscapeRight";
				INFOPLIST_KEY_UISupportedInterfaceOrientations_iPhone = "UIInterfaceOrientationPortrait UIInterfaceOrientationLandscapeLeft UIInterfaceOrientationLandscapeRight";
				LD_RUNPATH_SEARCH_PATHS = (
					"$(inherited)",
					"@executable_path/Frameworks",
				);
				MARKETING_VERSION = 0.1;
				PRODUCT_BUNDLE_IDENTIFIER = com.darmawiryanata.CeMeal;
				PRODUCT_NAME = "$(TARGET_NAME)";
				SWIFT_EMIT_LOC_STRINGS = YES;
				SWIFT_VERSION = 5.0;
				TARGETED_DEVICE_FAMILY = "1,2";
			};
			name = Debug;
		};
		552C6ADE285B23C9001F4FB5 /* Release */ = {
			isa = XCBuildConfiguration;
			buildSettings = {
				ASSETCATALOG_COMPILER_APPICON_NAME = AppIcon;
				ASSETCATALOG_COMPILER_GLOBAL_ACCENT_COLOR_NAME = AccentColor;
				CODE_SIGN_ENTITLEMENTS = CeMeal/CeMeal.entitlements;
				CODE_SIGN_STYLE = Automatic;
				CURRENT_PROJECT_VERSION = 1;
				DEVELOPMENT_ASSET_PATHS = "\"CeMeal/Preview Content\"";
				DEVELOPMENT_TEAM = 6PDVJXGB2J;
				ENABLE_PREVIEWS = YES;
				GENERATE_INFOPLIST_FILE = YES;
				INFOPLIST_KEY_UIApplicationSceneManifest_Generation = YES;
				INFOPLIST_KEY_UIApplicationSupportsIndirectInputEvents = YES;
				INFOPLIST_KEY_UILaunchScreen_Generation = YES;
				INFOPLIST_KEY_UISupportedInterfaceOrientations_iPad = "UIInterfaceOrientationPortrait UIInterfaceOrientationPortraitUpsideDown UIInterfaceOrientationLandscapeLeft UIInterfaceOrientationLandscapeRight";
				INFOPLIST_KEY_UISupportedInterfaceOrientations_iPhone = "UIInterfaceOrientationPortrait UIInterfaceOrientationLandscapeLeft UIInterfaceOrientationLandscapeRight";
				LD_RUNPATH_SEARCH_PATHS = (
					"$(inherited)",
					"@executable_path/Frameworks",
				);
				MARKETING_VERSION = 0.1;
				PRODUCT_BUNDLE_IDENTIFIER = com.darmawiryanata.CeMeal;
				PRODUCT_NAME = "$(TARGET_NAME)";
				SWIFT_EMIT_LOC_STRINGS = YES;
				SWIFT_VERSION = 5.0;
				TARGETED_DEVICE_FAMILY = "1,2";
			};
			name = Release;
		};
/* End XCBuildConfiguration section */

/* Begin XCConfigurationList section */
		552C6AC4285B23C7001F4FB5 /* Build configuration list for PBXProject "CeMeal" */ = {
			isa = XCConfigurationList;
			buildConfigurations = (
				552C6ADA285B23C9001F4FB5 /* Debug */,
				552C6ADB285B23C9001F4FB5 /* Release */,
			);
			defaultConfigurationIsVisible = 0;
			defaultConfigurationName = Release;
		};
		552C6ADC285B23C9001F4FB5 /* Build configuration list for PBXNativeTarget "CeMeal" */ = {
			isa = XCConfigurationList;
			buildConfigurations = (
				552C6ADD285B23C9001F4FB5 /* Debug */,
				552C6ADE285B23C9001F4FB5 /* Release */,
			);
			defaultConfigurationIsVisible = 0;
			defaultConfigurationName = Release;
		};
/* End XCConfigurationList section */

/* Begin XCVersionGroup section */
		552C6AD7285B23C9001F4FB5 /* CeMeal.xcdatamodeld */ = {
			isa = XCVersionGroup;
			children = (
				552C6AD8285B23C9001F4FB5 /* CeMeal.xcdatamodel */,
			);
			currentVersion = 552C6AD8285B23C9001F4FB5 /* CeMeal.xcdatamodel */;
			path = CeMeal.xcdatamodeld;
			sourceTree = "<group>";
			versionGroupType = wrapper.xcdatamodel;
		};
/* End XCVersionGroup section */
	};
	rootObject = 552C6AC1285B23C7001F4FB5 /* Project object */;
}
