// !$*UTF8*$!
{
	archiveVersion = 1;
	classes = {
	};
	objectVersion = 55;
	objects = {

/* Begin PBXBuildFile section */
		552C6ACD285B23C7001F4FB5 /* CeMealApp.swift in Sources */ = {isa = PBXBuildFile; fileRef = 552C6ACC285B23C7001F4FB5 /* CeMealApp.swift */; };
		552C6AD1285B23C9001F4FB5 /* Assets.xcassets in Resources */ = {isa = PBXBuildFile; fileRef = 552C6AD0285B23C9001F4FB5 /* Assets.xcassets */; };
		552C6AD4285B23C9001F4FB5 /* Preview Assets.xcassets in Resources */ = {isa = PBXBuildFile; fileRef = 552C6AD3285B23C9001F4FB5 /* Preview Assets.xcassets */; };
		552C6AD6285B23C9001F4FB5 /* Persistence.swift in Sources */ = {isa = PBXBuildFile; fileRef = 552C6AD5285B23C9001F4FB5 /* Persistence.swift */; };
		552C6AD9285B23C9001F4FB5 /* CeMeal.xcdatamodeld in Sources */ = {isa = PBXBuildFile; fileRef = 552C6AD7285B23C9001F4FB5 /* CeMeal.xcdatamodeld */; };
		55D712D82888032C001FC19A /* LeftoversViewModel.swift in Sources */ = {isa = PBXBuildFile; fileRef = 55EF8BFE286EB86D00529ED7 /* LeftoversViewModel.swift */; };
		55D712DA28880393001FC19A /* ViewModelPhone.swift in Sources */ = {isa = PBXBuildFile; fileRef = 55D712D928880393001FC19A /* ViewModelPhone.swift */; };
		55D712DD288803B3001FC19A /* ViewModelWatch.swift in Sources */ = {isa = PBXBuildFile; fileRef = 55D712DC288803B3001FC19A /* ViewModelWatch.swift */; };
		55D712DE288803EC001FC19A /* CeMeal.xcdatamodeld in Sources */ = {isa = PBXBuildFile; fileRef = 552C6AD7285B23C9001F4FB5 /* CeMeal.xcdatamodeld */; };
		55EF8BFF286EB86D00529ED7 /* LeftoversViewModel.swift in Sources */ = {isa = PBXBuildFile; fileRef = 55EF8BFE286EB86D00529ED7 /* LeftoversViewModel.swift */; };
		55EF8C07286ED06700529ED7 /* FavoriteViewModel.swift in Sources */ = {isa = PBXBuildFile; fileRef = 55EF8C06286ED06700529ED7 /* FavoriteViewModel.swift */; };
		55F4678328707C5D0027738E /* IngredientViewModel.swift in Sources */ = {isa = PBXBuildFile; fileRef = 55F4678228707C5D0027738E /* IngredientViewModel.swift */; };
		55F4678528707C950027738E /* RecipeViewModel.swift in Sources */ = {isa = PBXBuildFile; fileRef = 55F4678428707C950027738E /* RecipeViewModel.swift */; };
		55F4678728707E310027738E /* Ingredients.csv in Resources */ = {isa = PBXBuildFile; fileRef = 55F4678628707E310027738E /* Ingredients.csv */; };
		55F4678B2870C0BC0027738E /* Recipes.csv in Resources */ = {isa = PBXBuildFile; fileRef = 55F4678A2870C0BC0027738E /* Recipes.csv */; };
		FA0276E62864389C0032B1DD /* Date.swift in Sources */ = {isa = PBXBuildFile; fileRef = FA0276E52864389B0032B1DD /* Date.swift */; };
		FA0276E828643BE20032B1DD /* Float.swift in Sources */ = {isa = PBXBuildFile; fileRef = FA0276E728643BE20032B1DD /* Float.swift */; };
		FA0C3F232872BF5B008FC5D0 /* CapsuleView.swift in Sources */ = {isa = PBXBuildFile; fileRef = FA216DD4286EF02500AC320F /* CapsuleView.swift */; };
		FA0C3F242872BF5B008FC5D0 /* TabbedView.swift in Sources */ = {isa = PBXBuildFile; fileRef = 552C6ACE285B23C7001F4FB5 /* TabbedView.swift */; };
		FA216DD1286EDBB200AC320F /* GenerateRecipeView.swift in Sources */ = {isa = PBXBuildFile; fileRef = FA216DD0286EDBB200AC320F /* GenerateRecipeView.swift */; };
		FA216DD3286EE00900AC320F /* RecipeSectionView.swift in Sources */ = {isa = PBXBuildFile; fileRef = FA216DD2286EE00900AC320F /* RecipeSectionView.swift */; };
		FA216DD9286F27C600AC320F /* AddMoreIngredientView.swift in Sources */ = {isa = PBXBuildFile; fileRef = FA216DD8286F27C600AC320F /* AddMoreIngredientView.swift */; };
		FA58438B288959B700206AA3 /* Leftover.swift in Sources */ = {isa = PBXBuildFile; fileRef = FA58438A288959B700206AA3 /* Leftover.swift */; };
		FA6D87662862D7BF000E5225 /* LeftoverView.swift in Sources */ = {isa = PBXBuildFile; fileRef = FA6D87652862D7BF000E5225 /* LeftoverView.swift */; };
		FA6D876E28631DA0000E5225 /* NavigationBarModifier.swift in Sources */ = {isa = PBXBuildFile; fileRef = FA6D876D28631DA0000E5225 /* NavigationBarModifier.swift */; };
		FA6D877028631F6E000E5225 /* Color.swift in Sources */ = {isa = PBXBuildFile; fileRef = FA6D876F28631F6E000E5225 /* Color.swift */; };
		FA6D877328632049000E5225 /* Ingredient.swift in Sources */ = {isa = PBXBuildFile; fileRef = FA6D877228632049000E5225 /* Ingredient.swift */; };
		FA6D877A2863278A000E5225 /* LeftoverListView.swift in Sources */ = {isa = PBXBuildFile; fileRef = FA6D87792863278A000E5225 /* LeftoverListView.swift */; };
		FA6DAE03286CFD80006A5AE6 /* IngredientDetailView.swift in Sources */ = {isa = PBXBuildFile; fileRef = FA6DAE02286CFD80006A5AE6 /* IngredientDetailView.swift */; };
		FA6DAE09286D8044006A5AE6 /* Leftover.swift in Sources */ = {isa = PBXBuildFile; fileRef = FA6DAE08286D8044006A5AE6 /* Leftover.swift */; };
		FA6DAE0B286DC3B5006A5AE6 /* LeftoverViewModel.swift in Sources */ = {isa = PBXBuildFile; fileRef = FA6DAE0A286DC3B5006A5AE6 /* LeftoverViewModel.swift */; };
		FA769C4E2886DE21002F1273 /* SearchBarView.swift in Sources */ = {isa = PBXBuildFile; fileRef = FA769C4D2886DE21002F1273 /* SearchBarView.swift */; };
		FA769C512887C576002F1273 /* CircularComplicationView.swift in Sources */ = {isa = PBXBuildFile; fileRef = FA769C502887C576002F1273 /* CircularComplicationView.swift */; };
		FA8482AA2871BDEC00EE4996 /* OnboardingView.swift in Sources */ = {isa = PBXBuildFile; fileRef = FA8482A92871BDEC00EE4996 /* OnboardingView.swift */; };
		FA8482AC2871BF1B00EE4996 /* OnboardingTabView.swift in Sources */ = {isa = PBXBuildFile; fileRef = FA8482AB2871BF1B00EE4996 /* OnboardingTabView.swift */; };
		FA8482AE2871C2E300EE4996 /* Onboarding.swift in Sources */ = {isa = PBXBuildFile; fileRef = FA8482AD2871C2E300EE4996 /* Onboarding.swift */; };
		FA8482B02871C32700EE4996 /* OnboardingViewModel.swift in Sources */ = {isa = PBXBuildFile; fileRef = FA8482AF2871C32700EE4996 /* OnboardingViewModel.swift */; };
		FA8482B42871CE8100EE4996 /* ContentView.swift in Sources */ = {isa = PBXBuildFile; fileRef = FA8482B32871CE8100EE4996 /* ContentView.swift */; };
		FA8482B72871D67100EE4996 /* LeftoverCheckupView.swift in Sources */ = {isa = PBXBuildFile; fileRef = FA8482B62871D67100EE4996 /* LeftoverCheckupView.swift */; };
		FA8482B92871DBB500EE4996 /* NavigationStackView.swift in Sources */ = {isa = PBXBuildFile; fileRef = FA8482B82871DBB500EE4996 /* NavigationStackView.swift */; };
		FA8482BB2871DC2100EE4996 /* SessionManager.swift in Sources */ = {isa = PBXBuildFile; fileRef = FA8482BA2871DC2100EE4996 /* SessionManager.swift */; };
		FA8D9EC82872DC6100F87BBA /* EmptyRecipePlaceholderView.swift in Sources */ = {isa = PBXBuildFile; fileRef = FA8D9EC72872DC6100F87BBA /* EmptyRecipePlaceholderView.swift */; };
		FA910465287155D600EE3CBA /* AdditionalIngredient.swift in Sources */ = {isa = PBXBuildFile; fileRef = FA910464287155D600EE3CBA /* AdditionalIngredient.swift */; };
		FA910467287156ED00EE3CBA /* AdditionalIngredientViewModel.swift in Sources */ = {isa = PBXBuildFile; fileRef = FA910466287156ED00EE3CBA /* AdditionalIngredientViewModel.swift */; };
		FAA77538286AD7BE009D4F2B /* AddIngredientView.swift in Sources */ = {isa = PBXBuildFile; fileRef = FAA77537286AD7BE009D4F2B /* AddIngredientView.swift */; };
		FAB1F13728844B0700C3D05F /* Assets.xcassets in Resources */ = {isa = PBXBuildFile; fileRef = FAB1F13628844B0700C3D05F /* Assets.xcassets */; };
		FAB1F13D28844B0700C3D05F /* WatchCeMeal WatchKit Extension.appex in Embed App Extensions */ = {isa = PBXBuildFile; fileRef = FAB1F13C28844B0700C3D05F /* WatchCeMeal WatchKit Extension.appex */; settings = {ATTRIBUTES = (RemoveHeadersOnCopy, ); }; };
		FAB1F14228844B0700C3D05F /* ContentView.swift in Sources */ = {isa = PBXBuildFile; fileRef = FAB1F14128844B0700C3D05F /* ContentView.swift */; };
		FAB1F14428844B0700C3D05F /* CeMealApp.swift in Sources */ = {isa = PBXBuildFile; fileRef = FAB1F14328844B0700C3D05F /* CeMealApp.swift */; };
		FAB1F14628844B0700C3D05F /* ComplicationController.swift in Sources */ = {isa = PBXBuildFile; fileRef = FAB1F14528844B0700C3D05F /* ComplicationController.swift */; };
		FAB1F14828844B0800C3D05F /* Assets.xcassets in Resources */ = {isa = PBXBuildFile; fileRef = FAB1F14728844B0800C3D05F /* Assets.xcassets */; };
		FAB1F14B28844B0800C3D05F /* Preview Assets.xcassets in Resources */ = {isa = PBXBuildFile; fileRef = FAB1F14A28844B0800C3D05F /* Preview Assets.xcassets */; };
		FAB1F14F28844B0800C3D05F /* WatchCeMeal.app in Embed Watch Content */ = {isa = PBXBuildFile; fileRef = FAB1F13428844B0600C3D05F /* WatchCeMeal.app */; settings = {ATTRIBUTES = (RemoveHeadersOnCopy, ); }; };
		FAB1F15D28844F4400C3D05F /* LeftoverView.swift in Sources */ = {isa = PBXBuildFile; fileRef = FAB1F15C28844F4400C3D05F /* LeftoverView.swift */; };
		FAC2C85F28853A7300620152 /* Date.swift in Sources */ = {isa = PBXBuildFile; fileRef = FAC2C85E28853A7300620152 /* Date.swift */; };
		FAC2C86128853AD500620152 /* ExpiredDateView.swift in Sources */ = {isa = PBXBuildFile; fileRef = FAC2C86028853AD500620152 /* ExpiredDateView.swift */; };
		FAC2C86328853AE800620152 /* BuyDateView.swift in Sources */ = {isa = PBXBuildFile; fileRef = FAC2C86228853AE800620152 /* BuyDateView.swift */; };
		FAC70C5B28656D7F006CEF12 /* Button.swift in Sources */ = {isa = PBXBuildFile; fileRef = FAC70C5A28656D7F006CEF12 /* Button.swift */; };
		FAC70C5D28658ABB006CEF12 /* SampleContentView.swift in Sources */ = {isa = PBXBuildFile; fileRef = FAC70C5C28658ABB006CEF12 /* SampleContentView.swift */; };
		FAC70C6028666D17006CEF12 /* FavoriteView.swift in Sources */ = {isa = PBXBuildFile; fileRef = FAC70C5F28666D17006CEF12 /* FavoriteView.swift */; };
		FACEDF082887D276001E544A /* ExtraLargeComplicationView.swift in Sources */ = {isa = PBXBuildFile; fileRef = FACEDF072887D276001E544A /* ExtraLargeComplicationView.swift */; };
		FACEDF0A2887EB2E001E544A /* RectangularComplicationView.swift in Sources */ = {isa = PBXBuildFile; fileRef = FACEDF092887EB2E001E544A /* RectangularComplicationView.swift */; };
		FACEDF0C2887FB95001E544A /* LocationManager.swift in Sources */ = {isa = PBXBuildFile; fileRef = FACEDF0B2887FB95001E544A /* LocationManager.swift */; };
		FAD30C3D28852EAC00BDF972 /* LeftoverDetailView.swift in Sources */ = {isa = PBXBuildFile; fileRef = FAD30C3C28852EAC00BDF972 /* LeftoverDetailView.swift */; };
		FAD365CD28856EFB007F6E31 /* SearchResultView.swift in Sources */ = {isa = PBXBuildFile; fileRef = FAD365CC28856EFB007F6E31 /* SearchResultView.swift */; };
		FAD365CF2885710E007F6E31 /* LeftoverListView.swift in Sources */ = {isa = PBXBuildFile; fileRef = FAD365CE2885710E007F6E31 /* LeftoverListView.swift */; };
		FAD63A6428666FF5002B6130 /* Recipe.swift in Sources */ = {isa = PBXBuildFile; fileRef = FAD63A6328666FF5002B6130 /* Recipe.swift */; };
		FAD63A682866A0E7002B6130 /* RecipeListView.swift in Sources */ = {isa = PBXBuildFile; fileRef = FAD63A672866A0E7002B6130 /* RecipeListView.swift */; };
		FAD63A6B2866A248002B6130 /* RecipeView.swift in Sources */ = {isa = PBXBuildFile; fileRef = FAD63A6A2866A248002B6130 /* RecipeView.swift */; };
		FAD63A6D2866A2D1002B6130 /* Image.swift in Sources */ = {isa = PBXBuildFile; fileRef = FAD63A6C2866A2D1002B6130 /* Image.swift */; };
		FAD63A7028675895002B6130 /* RecipeIngredientsView.swift in Sources */ = {isa = PBXBuildFile; fileRef = FAD63A6F28675895002B6130 /* RecipeIngredientsView.swift */; };
		FAD63A72286758A5002B6130 /* RecipeDirectionsView.swift in Sources */ = {isa = PBXBuildFile; fileRef = FAD63A71286758A5002B6130 /* RecipeDirectionsView.swift */; };
		FAD63A74286758B5002B6130 /* RecipeSuggestionsView.swift in Sources */ = {isa = PBXBuildFile; fileRef = FAD63A73286758B5002B6130 /* RecipeSuggestionsView.swift */; };
		FAF6D5A828645F2D005FD65A /* CloudKit.framework in Frameworks */ = {isa = PBXBuildFile; fileRef = FAF6D5A728645F2D005FD65A /* CloudKit.framework */; };
/* End PBXBuildFile section */

/* Begin PBXContainerItemProxy section */
		FAB1F13E28844B0700C3D05F /* PBXContainerItemProxy */ = {
			isa = PBXContainerItemProxy;
			containerPortal = 552C6AC1285B23C7001F4FB5 /* Project object */;
			proxyType = 1;
			remoteGlobalIDString = FAB1F13B28844B0700C3D05F;
			remoteInfo = "WatchCeMeal WatchKit Extension";
		};
		FAB1F14D28844B0800C3D05F /* PBXContainerItemProxy */ = {
			isa = PBXContainerItemProxy;
			containerPortal = 552C6AC1285B23C7001F4FB5 /* Project object */;
			proxyType = 1;
			remoteGlobalIDString = FAB1F13328844B0600C3D05F;
			remoteInfo = WatchCeMeal;
		};
/* End PBXContainerItemProxy section */

/* Begin PBXCopyFilesBuildPhase section */
		FAB1F15028844B0800C3D05F /* Embed Watch Content */ = {
			isa = PBXCopyFilesBuildPhase;
			buildActionMask = 2147483647;
			dstPath = "$(CONTENTS_FOLDER_PATH)/Watch";
			dstSubfolderSpec = 16;
			files = (
				FAB1F14F28844B0800C3D05F /* WatchCeMeal.app in Embed Watch Content */,
			);
			name = "Embed Watch Content";
			runOnlyForDeploymentPostprocessing = 0;
		};
		FAB1F15328844B0800C3D05F /* Embed App Extensions */ = {
			isa = PBXCopyFilesBuildPhase;
			buildActionMask = 2147483647;
			dstPath = "";
			dstSubfolderSpec = 13;
			files = (
				FAB1F13D28844B0700C3D05F /* WatchCeMeal WatchKit Extension.appex in Embed App Extensions */,
			);
			name = "Embed App Extensions";
			runOnlyForDeploymentPostprocessing = 0;
		};
/* End PBXCopyFilesBuildPhase section */

/* Begin PBXFileReference section */
		552C6AC9285B23C7001F4FB5 /* CeMeal.app */ = {isa = PBXFileReference; explicitFileType = wrapper.application; includeInIndex = 0; path = CeMeal.app; sourceTree = BUILT_PRODUCTS_DIR; };
		552C6ACC285B23C7001F4FB5 /* CeMealApp.swift */ = {isa = PBXFileReference; lastKnownFileType = sourcecode.swift; path = CeMealApp.swift; sourceTree = "<group>"; };
		552C6ACE285B23C7001F4FB5 /* TabbedView.swift */ = {isa = PBXFileReference; lastKnownFileType = sourcecode.swift; path = TabbedView.swift; sourceTree = "<group>"; };
		552C6AD0285B23C9001F4FB5 /* Assets.xcassets */ = {isa = PBXFileReference; lastKnownFileType = folder.assetcatalog; path = Assets.xcassets; sourceTree = "<group>"; };
		552C6AD3285B23C9001F4FB5 /* Preview Assets.xcassets */ = {isa = PBXFileReference; lastKnownFileType = folder.assetcatalog; path = "Preview Assets.xcassets"; sourceTree = "<group>"; };
		552C6AD5285B23C9001F4FB5 /* Persistence.swift */ = {isa = PBXFileReference; lastKnownFileType = sourcecode.swift; path = Persistence.swift; sourceTree = "<group>"; };
		552C6AD8285B23C9001F4FB5 /* CeMeal.xcdatamodel */ = {isa = PBXFileReference; lastKnownFileType = wrapper.xcdatamodel; path = CeMeal.xcdatamodel; sourceTree = "<group>"; };
		55D712D928880393001FC19A /* ViewModelPhone.swift */ = {isa = PBXFileReference; fileEncoding = 4; lastKnownFileType = sourcecode.swift; path = ViewModelPhone.swift; sourceTree = "<group>"; };
		55D712DC288803B3001FC19A /* ViewModelWatch.swift */ = {isa = PBXFileReference; fileEncoding = 4; lastKnownFileType = sourcecode.swift; path = ViewModelWatch.swift; sourceTree = "<group>"; };
		55EF8BFE286EB86D00529ED7 /* LeftoversViewModel.swift */ = {isa = PBXFileReference; lastKnownFileType = sourcecode.swift; path = LeftoversViewModel.swift; sourceTree = "<group>"; };
		55EF8C06286ED06700529ED7 /* FavoriteViewModel.swift */ = {isa = PBXFileReference; lastKnownFileType = sourcecode.swift; path = FavoriteViewModel.swift; sourceTree = "<group>"; };
		55F4678228707C5D0027738E /* IngredientViewModel.swift */ = {isa = PBXFileReference; lastKnownFileType = sourcecode.swift; path = IngredientViewModel.swift; sourceTree = "<group>"; };
		55F4678428707C950027738E /* RecipeViewModel.swift */ = {isa = PBXFileReference; lastKnownFileType = sourcecode.swift; path = RecipeViewModel.swift; sourceTree = "<group>"; };
		55F4678628707E310027738E /* Ingredients.csv */ = {isa = PBXFileReference; fileEncoding = 4; lastKnownFileType = text; path = Ingredients.csv; sourceTree = "<group>"; };
		55F4678A2870C0BC0027738E /* Recipes.csv */ = {isa = PBXFileReference; fileEncoding = 4; lastKnownFileType = text; path = Recipes.csv; sourceTree = "<group>"; };
		FA0276E52864389B0032B1DD /* Date.swift */ = {isa = PBXFileReference; lastKnownFileType = sourcecode.swift; path = Date.swift; sourceTree = "<group>"; };
		FA0276E728643BE20032B1DD /* Float.swift */ = {isa = PBXFileReference; lastKnownFileType = sourcecode.swift; path = Float.swift; sourceTree = "<group>"; };
		FA216DD0286EDBB200AC320F /* GenerateRecipeView.swift */ = {isa = PBXFileReference; lastKnownFileType = sourcecode.swift; path = GenerateRecipeView.swift; sourceTree = "<group>"; };
		FA216DD2286EE00900AC320F /* RecipeSectionView.swift */ = {isa = PBXFileReference; lastKnownFileType = sourcecode.swift; path = RecipeSectionView.swift; sourceTree = "<group>"; };
		FA216DD4286EF02500AC320F /* CapsuleView.swift */ = {isa = PBXFileReference; lastKnownFileType = sourcecode.swift; path = CapsuleView.swift; sourceTree = "<group>"; };
		FA216DD8286F27C600AC320F /* AddMoreIngredientView.swift */ = {isa = PBXFileReference; lastKnownFileType = sourcecode.swift; path = AddMoreIngredientView.swift; sourceTree = "<group>"; };
		FA58438A288959B700206AA3 /* Leftover.swift */ = {isa = PBXFileReference; lastKnownFileType = sourcecode.swift; path = Leftover.swift; sourceTree = "<group>"; };
		FA6D87652862D7BF000E5225 /* LeftoverView.swift */ = {isa = PBXFileReference; lastKnownFileType = sourcecode.swift; path = LeftoverView.swift; sourceTree = "<group>"; };
		FA6D876D28631DA0000E5225 /* NavigationBarModifier.swift */ = {isa = PBXFileReference; lastKnownFileType = sourcecode.swift; path = NavigationBarModifier.swift; sourceTree = "<group>"; };
		FA6D876F28631F6E000E5225 /* Color.swift */ = {isa = PBXFileReference; lastKnownFileType = sourcecode.swift; path = Color.swift; sourceTree = "<group>"; };
		FA6D877228632049000E5225 /* Ingredient.swift */ = {isa = PBXFileReference; lastKnownFileType = sourcecode.swift; path = Ingredient.swift; sourceTree = "<group>"; };
		FA6D87792863278A000E5225 /* LeftoverListView.swift */ = {isa = PBXFileReference; lastKnownFileType = sourcecode.swift; path = LeftoverListView.swift; sourceTree = "<group>"; };
		FA6DAE02286CFD80006A5AE6 /* IngredientDetailView.swift */ = {isa = PBXFileReference; lastKnownFileType = sourcecode.swift; path = IngredientDetailView.swift; sourceTree = "<group>"; };
		FA6DAE08286D8044006A5AE6 /* Leftover.swift */ = {isa = PBXFileReference; lastKnownFileType = sourcecode.swift; path = Leftover.swift; sourceTree = "<group>"; };
		FA6DAE0A286DC3B5006A5AE6 /* LeftoverViewModel.swift */ = {isa = PBXFileReference; lastKnownFileType = sourcecode.swift; path = LeftoverViewModel.swift; sourceTree = "<group>"; };
		FA769C4D2886DE21002F1273 /* SearchBarView.swift */ = {isa = PBXFileReference; lastKnownFileType = sourcecode.swift; path = SearchBarView.swift; sourceTree = "<group>"; };
		FA769C502887C576002F1273 /* CircularComplicationView.swift */ = {isa = PBXFileReference; lastKnownFileType = sourcecode.swift; path = CircularComplicationView.swift; sourceTree = "<group>"; };
		FA8482A92871BDEC00EE4996 /* OnboardingView.swift */ = {isa = PBXFileReference; lastKnownFileType = sourcecode.swift; path = OnboardingView.swift; sourceTree = "<group>"; };
		FA8482AB2871BF1B00EE4996 /* OnboardingTabView.swift */ = {isa = PBXFileReference; lastKnownFileType = sourcecode.swift; path = OnboardingTabView.swift; sourceTree = "<group>"; };
		FA8482AD2871C2E300EE4996 /* Onboarding.swift */ = {isa = PBXFileReference; lastKnownFileType = sourcecode.swift; path = Onboarding.swift; sourceTree = "<group>"; };
		FA8482AF2871C32700EE4996 /* OnboardingViewModel.swift */ = {isa = PBXFileReference; lastKnownFileType = sourcecode.swift; path = OnboardingViewModel.swift; sourceTree = "<group>"; };
		FA8482B32871CE8100EE4996 /* ContentView.swift */ = {isa = PBXFileReference; lastKnownFileType = sourcecode.swift; path = ContentView.swift; sourceTree = "<group>"; };
		FA8482B62871D67100EE4996 /* LeftoverCheckupView.swift */ = {isa = PBXFileReference; lastKnownFileType = sourcecode.swift; path = LeftoverCheckupView.swift; sourceTree = "<group>"; };
		FA8482B82871DBB500EE4996 /* NavigationStackView.swift */ = {isa = PBXFileReference; lastKnownFileType = sourcecode.swift; path = NavigationStackView.swift; sourceTree = "<group>"; };
		FA8482BA2871DC2100EE4996 /* SessionManager.swift */ = {isa = PBXFileReference; lastKnownFileType = sourcecode.swift; path = SessionManager.swift; sourceTree = "<group>"; };
		FA8D9EC72872DC6100F87BBA /* EmptyRecipePlaceholderView.swift */ = {isa = PBXFileReference; lastKnownFileType = sourcecode.swift; path = EmptyRecipePlaceholderView.swift; sourceTree = "<group>"; };
		FA910464287155D600EE3CBA /* AdditionalIngredient.swift */ = {isa = PBXFileReference; lastKnownFileType = sourcecode.swift; path = AdditionalIngredient.swift; sourceTree = "<group>"; };
		FA910466287156ED00EE3CBA /* AdditionalIngredientViewModel.swift */ = {isa = PBXFileReference; lastKnownFileType = sourcecode.swift; path = AdditionalIngredientViewModel.swift; sourceTree = "<group>"; };
		FAA77537286AD7BE009D4F2B /* AddIngredientView.swift */ = {isa = PBXFileReference; lastKnownFileType = sourcecode.swift; path = AddIngredientView.swift; sourceTree = "<group>"; };
		FAB1F13428844B0600C3D05F /* WatchCeMeal.app */ = {isa = PBXFileReference; explicitFileType = wrapper.application; includeInIndex = 0; path = WatchCeMeal.app; sourceTree = BUILT_PRODUCTS_DIR; };
		FAB1F13628844B0700C3D05F /* Assets.xcassets */ = {isa = PBXFileReference; lastKnownFileType = folder.assetcatalog; path = Assets.xcassets; sourceTree = "<group>"; };
		FAB1F13C28844B0700C3D05F /* WatchCeMeal WatchKit Extension.appex */ = {isa = PBXFileReference; explicitFileType = "wrapper.app-extension"; includeInIndex = 0; path = "WatchCeMeal WatchKit Extension.appex"; sourceTree = BUILT_PRODUCTS_DIR; };
		FAB1F14128844B0700C3D05F /* ContentView.swift */ = {isa = PBXFileReference; lastKnownFileType = sourcecode.swift; path = ContentView.swift; sourceTree = "<group>"; };
		FAB1F14328844B0700C3D05F /* CeMealApp.swift */ = {isa = PBXFileReference; lastKnownFileType = sourcecode.swift; path = CeMealApp.swift; sourceTree = "<group>"; };
		FAB1F14528844B0700C3D05F /* ComplicationController.swift */ = {isa = PBXFileReference; lastKnownFileType = sourcecode.swift; path = ComplicationController.swift; sourceTree = "<group>"; };
		FAB1F14728844B0800C3D05F /* Assets.xcassets */ = {isa = PBXFileReference; lastKnownFileType = folder.assetcatalog; path = Assets.xcassets; sourceTree = "<group>"; };
		FAB1F14A28844B0800C3D05F /* Preview Assets.xcassets */ = {isa = PBXFileReference; lastKnownFileType = folder.assetcatalog; path = "Preview Assets.xcassets"; sourceTree = "<group>"; };
		FAB1F14C28844B0800C3D05F /* Info.plist */ = {isa = PBXFileReference; lastKnownFileType = text.plist.xml; path = Info.plist; sourceTree = "<group>"; };
		FAB1F15C28844F4400C3D05F /* LeftoverView.swift */ = {isa = PBXFileReference; lastKnownFileType = sourcecode.swift; path = LeftoverView.swift; sourceTree = "<group>"; };
		FAC2C85E28853A7300620152 /* Date.swift */ = {isa = PBXFileReference; lastKnownFileType = sourcecode.swift; path = Date.swift; sourceTree = "<group>"; };
		FAC2C86028853AD500620152 /* ExpiredDateView.swift */ = {isa = PBXFileReference; lastKnownFileType = sourcecode.swift; path = ExpiredDateView.swift; sourceTree = "<group>"; };
		FAC2C86228853AE800620152 /* BuyDateView.swift */ = {isa = PBXFileReference; lastKnownFileType = sourcecode.swift; path = BuyDateView.swift; sourceTree = "<group>"; };
		FAC70C5A28656D7F006CEF12 /* Button.swift */ = {isa = PBXFileReference; lastKnownFileType = sourcecode.swift; path = Button.swift; sourceTree = "<group>"; };
		FAC70C5C28658ABB006CEF12 /* SampleContentView.swift */ = {isa = PBXFileReference; lastKnownFileType = sourcecode.swift; path = SampleContentView.swift; sourceTree = "<group>"; };
		FAC70C5F28666D17006CEF12 /* FavoriteView.swift */ = {isa = PBXFileReference; lastKnownFileType = sourcecode.swift; path = FavoriteView.swift; sourceTree = "<group>"; };
		FACEDF072887D276001E544A /* ExtraLargeComplicationView.swift */ = {isa = PBXFileReference; lastKnownFileType = sourcecode.swift; path = ExtraLargeComplicationView.swift; sourceTree = "<group>"; };
		FACEDF092887EB2E001E544A /* RectangularComplicationView.swift */ = {isa = PBXFileReference; lastKnownFileType = sourcecode.swift; path = RectangularComplicationView.swift; sourceTree = "<group>"; };
		FACEDF0B2887FB95001E544A /* LocationManager.swift */ = {isa = PBXFileReference; lastKnownFileType = sourcecode.swift; path = LocationManager.swift; sourceTree = "<group>"; };
		FACEDF0D288806FB001E544A /* SimulatedLocation.gpx */ = {isa = PBXFileReference; lastKnownFileType = text.xml; path = SimulatedLocation.gpx; sourceTree = "<group>"; };
		FAD30C3C28852EAC00BDF972 /* LeftoverDetailView.swift */ = {isa = PBXFileReference; lastKnownFileType = sourcecode.swift; path = LeftoverDetailView.swift; sourceTree = "<group>"; };
		FAD365CC28856EFB007F6E31 /* SearchResultView.swift */ = {isa = PBXFileReference; lastKnownFileType = sourcecode.swift; path = SearchResultView.swift; sourceTree = "<group>"; };
		FAD365CE2885710E007F6E31 /* LeftoverListView.swift */ = {isa = PBXFileReference; lastKnownFileType = sourcecode.swift; path = LeftoverListView.swift; sourceTree = "<group>"; };
		FAD63A6328666FF5002B6130 /* Recipe.swift */ = {isa = PBXFileReference; lastKnownFileType = sourcecode.swift; path = Recipe.swift; sourceTree = "<group>"; };
		FAD63A672866A0E7002B6130 /* RecipeListView.swift */ = {isa = PBXFileReference; lastKnownFileType = sourcecode.swift; path = RecipeListView.swift; sourceTree = "<group>"; };
		FAD63A6A2866A248002B6130 /* RecipeView.swift */ = {isa = PBXFileReference; lastKnownFileType = sourcecode.swift; path = RecipeView.swift; sourceTree = "<group>"; };
		FAD63A6C2866A2D1002B6130 /* Image.swift */ = {isa = PBXFileReference; lastKnownFileType = sourcecode.swift; path = Image.swift; sourceTree = "<group>"; };
		FAD63A6F28675895002B6130 /* RecipeIngredientsView.swift */ = {isa = PBXFileReference; lastKnownFileType = sourcecode.swift; path = RecipeIngredientsView.swift; sourceTree = "<group>"; };
		FAD63A71286758A5002B6130 /* RecipeDirectionsView.swift */ = {isa = PBXFileReference; lastKnownFileType = sourcecode.swift; path = RecipeDirectionsView.swift; sourceTree = "<group>"; };
		FAD63A73286758B5002B6130 /* RecipeSuggestionsView.swift */ = {isa = PBXFileReference; lastKnownFileType = sourcecode.swift; path = RecipeSuggestionsView.swift; sourceTree = "<group>"; };
		FAF6D5A528645F21005FD65A /* CeMeal.entitlements */ = {isa = PBXFileReference; lastKnownFileType = text.plist.entitlements; path = CeMeal.entitlements; sourceTree = "<group>"; };
		FAF6D5A728645F2D005FD65A /* CloudKit.framework */ = {isa = PBXFileReference; lastKnownFileType = wrapper.framework; name = CloudKit.framework; path = System/Library/Frameworks/CloudKit.framework; sourceTree = SDKROOT; };
/* End PBXFileReference section */

/* Begin PBXFrameworksBuildPhase section */
		552C6AC6285B23C7001F4FB5 /* Frameworks */ = {
			isa = PBXFrameworksBuildPhase;
			buildActionMask = 2147483647;
			files = (
				FAF6D5A828645F2D005FD65A /* CloudKit.framework in Frameworks */,
			);
			runOnlyForDeploymentPostprocessing = 0;
		};
		FAB1F13928844B0700C3D05F /* Frameworks */ = {
			isa = PBXFrameworksBuildPhase;
			buildActionMask = 2147483647;
			files = (
			);
			runOnlyForDeploymentPostprocessing = 0;
		};
/* End PBXFrameworksBuildPhase section */

/* Begin PBXGroup section */
		552C6AC0285B23C7001F4FB5 = {
			isa = PBXGroup;
			children = (
				55D712D6288802F2001FC19A /* Shared */,
				552C6ACB285B23C7001F4FB5 /* CeMeal */,
				FAB1F13528844B0600C3D05F /* WatchCeMeal */,
				FAB1F14028844B0700C3D05F /* WatchCeMeal WatchKit Extension */,
				552C6ACA285B23C7001F4FB5 /* Products */,
				FAF6D5A628645F2D005FD65A /* Frameworks */,
			);
			sourceTree = "<group>";
		};
		552C6ACA285B23C7001F4FB5 /* Products */ = {
			isa = PBXGroup;
			children = (
				552C6AC9285B23C7001F4FB5 /* CeMeal.app */,
				FAB1F13428844B0600C3D05F /* WatchCeMeal.app */,
				FAB1F13C28844B0700C3D05F /* WatchCeMeal WatchKit Extension.appex */,
			);
			name = Products;
			sourceTree = "<group>";
		};
		552C6ACB285B23C7001F4FB5 /* CeMeal */ = {
			isa = PBXGroup;
			children = (
				FAF6D5A528645F21005FD65A /* CeMeal.entitlements */,
				552C6ACC285B23C7001F4FB5 /* CeMealApp.swift */,
				552C6AD0285B23C9001F4FB5 /* Assets.xcassets */,
				552C6AD5285B23C9001F4FB5 /* Persistence.swift */,
				FACEDF0D288806FB001E544A /* SimulatedLocation.gpx */,
				FA0276E4286438810032B1DD /* Helper */,
				FA6D877128632009000E5225 /* Model */,
				FA6D876B28631BF7000E5225 /* View */,
				FA6D877428632117000E5225 /* ViewModel */,
				552C6AD2285B23C9001F4FB5 /* Preview Content */,
			);
			path = CeMeal;
			sourceTree = "<group>";
		};
		552C6AD2285B23C9001F4FB5 /* Preview Content */ = {
			isa = PBXGroup;
			children = (
				552C6AD3285B23C9001F4FB5 /* Preview Assets.xcassets */,
			);
			path = "Preview Content";
			sourceTree = "<group>";
		};
		55D712D6288802F2001FC19A /* Shared */ = {
			isa = PBXGroup;
			children = (
				552C6AD7285B23C9001F4FB5 /* CeMeal.xcdatamodeld */,
				55D712D728880312001FC19A /* ViewModel */,
			);
			path = Shared;
			sourceTree = "<group>";
		};
		55D712D728880312001FC19A /* ViewModel */ = {
			isa = PBXGroup;
			children = (
				55EF8BFE286EB86D00529ED7 /* LeftoversViewModel.swift */,
			);
			path = ViewModel;
			sourceTree = "<group>";
		};
		55D712DB288803B3001FC19A /* ViewModel */ = {
			isa = PBXGroup;
			children = (
				55D712DC288803B3001FC19A /* ViewModelWatch.swift */,
			);
			path = ViewModel;
			sourceTree = "<group>";
		};
		FA0276E4286438810032B1DD /* Helper */ = {
			isa = PBXGroup;
			children = (
				FA0276E52864389B0032B1DD /* Date.swift */,
				FA0276E728643BE20032B1DD /* Float.swift */,
			);
			path = Helper;
			sourceTree = "<group>";
		};
		FA216DCF286EDB8F00AC320F /* GenerateRecipeView */ = {
			isa = PBXGroup;
			children = (
				FA216DD7286F27A900AC320F /* AddMoreIngredientView */,
				FA216DD0286EDBB200AC320F /* GenerateRecipeView.swift */,
				FA216DD2286EE00900AC320F /* RecipeSectionView.swift */,
				FA216DD4286EF02500AC320F /* CapsuleView.swift */,
				FA8D9EC72872DC6100F87BBA /* EmptyRecipePlaceholderView.swift */,
			);
			path = GenerateRecipeView;
			sourceTree = "<group>";
		};
		FA216DD7286F27A900AC320F /* AddMoreIngredientView */ = {
			isa = PBXGroup;
			children = (
				FA216DD8286F27C600AC320F /* AddMoreIngredientView.swift */,
			);
			path = AddMoreIngredientView;
			sourceTree = "<group>";
		};
		FA584389288959AB00206AA3 /* Model */ = {
			isa = PBXGroup;
			children = (
				FA58438A288959B700206AA3 /* Leftover.swift */,
			);
			path = Model;
			sourceTree = "<group>";
		};
		FA6D876B28631BF7000E5225 /* View */ = {
			isa = PBXGroup;
			children = (
				FA6D876C28631D85000E5225 /* Components */,
				FA6D877828632511000E5225 /* LeftoverView */,
				FAC70C5E28666CF2006CEF12 /* FavoriteView */,
				FAD63A692866A164002B6130 /* RecipeView */,
				FAA77536286AD751009D4F2B /* AddIngredientView */,
				FA216DCF286EDB8F00AC320F /* GenerateRecipeView */,
				FA8482A82871BDD900EE4996 /* OnboardingView */,
				FA8482B52871D65400EE4996 /* LeftoverCheckupView */,
				552C6ACE285B23C7001F4FB5 /* TabbedView.swift */,
				FA8482B82871DBB500EE4996 /* NavigationStackView.swift */,
				FA8482B32871CE8100EE4996 /* ContentView.swift */,
				FAC70C5C28658ABB006CEF12 /* SampleContentView.swift */,
			);
			path = View;
			sourceTree = "<group>";
		};
		FA6D876C28631D85000E5225 /* Components */ = {
			isa = PBXGroup;
			children = (
				FA6D876D28631DA0000E5225 /* NavigationBarModifier.swift */,
				FA6D876F28631F6E000E5225 /* Color.swift */,
				FAC70C5A28656D7F006CEF12 /* Button.swift */,
				FAD63A6C2866A2D1002B6130 /* Image.swift */,
			);
			path = Components;
			sourceTree = "<group>";
		};
		FA6D877128632009000E5225 /* Model */ = {
			isa = PBXGroup;
			children = (
				FA910464287155D600EE3CBA /* AdditionalIngredient.swift */,
				FA6D877228632049000E5225 /* Ingredient.swift */,
				FA6DAE08286D8044006A5AE6 /* Leftover.swift */,
				FAD63A6328666FF5002B6130 /* Recipe.swift */,
				FA8482AD2871C2E300EE4996 /* Onboarding.swift */,
				55F4678A2870C0BC0027738E /* Recipes.csv */,
				55F4678628707E310027738E /* Ingredients.csv */,
				FACEDF0B2887FB95001E544A /* LocationManager.swift */,
			);
			path = Model;
			sourceTree = "<group>";
		};
		FA6D877428632117000E5225 /* ViewModel */ = {
			isa = PBXGroup;
			children = (
				55D712D928880393001FC19A /* ViewModelPhone.swift */,
				FA910466287156ED00EE3CBA /* AdditionalIngredientViewModel.swift */,
				55EF8C06286ED06700529ED7 /* FavoriteViewModel.swift */,
				FA6DAE0A286DC3B5006A5AE6 /* LeftoverViewModel.swift */,
				FA8482AF2871C32700EE4996 /* OnboardingViewModel.swift */,
				FA8482BA2871DC2100EE4996 /* SessionManager.swift */,
				55F4678228707C5D0027738E /* IngredientViewModel.swift */,
				55F4678428707C950027738E /* RecipeViewModel.swift */,
			);
			path = ViewModel;
			sourceTree = "<group>";
		};
		FA6D877828632511000E5225 /* LeftoverView */ = {
			isa = PBXGroup;
			children = (
				FA6D87652862D7BF000E5225 /* LeftoverView.swift */,
				FA6D87792863278A000E5225 /* LeftoverListView.swift */,
			);
			path = LeftoverView;
			sourceTree = "<group>";
		};
		FA769C4F2887C552002F1273 /* Complications */ = {
			isa = PBXGroup;
			children = (
				FA769C502887C576002F1273 /* CircularComplicationView.swift */,
				FACEDF072887D276001E544A /* ExtraLargeComplicationView.swift */,
				FACEDF092887EB2E001E544A /* RectangularComplicationView.swift */,
			);
			path = Complications;
			sourceTree = "<group>";
		};
		FA8482A82871BDD900EE4996 /* OnboardingView */ = {
			isa = PBXGroup;
			children = (
				FA8482A92871BDEC00EE4996 /* OnboardingView.swift */,
				FA8482AB2871BF1B00EE4996 /* OnboardingTabView.swift */,
			);
			path = OnboardingView;
			sourceTree = "<group>";
		};
		FA8482B52871D65400EE4996 /* LeftoverCheckupView */ = {
			isa = PBXGroup;
			children = (
				FA8482B62871D67100EE4996 /* LeftoverCheckupView.swift */,
			);
			path = LeftoverCheckupView;
			sourceTree = "<group>";
		};
		FAA77536286AD751009D4F2B /* AddIngredientView */ = {
			isa = PBXGroup;
			children = (
				FA6DAE02286CFD80006A5AE6 /* IngredientDetailView.swift */,
				FAA77537286AD7BE009D4F2B /* AddIngredientView.swift */,
			);
			path = AddIngredientView;
			sourceTree = "<group>";
		};
		FAB1F13528844B0600C3D05F /* WatchCeMeal */ = {
			isa = PBXGroup;
			children = (
				FAB1F13628844B0700C3D05F /* Assets.xcassets */,
			);
			path = WatchCeMeal;
			sourceTree = "<group>";
		};
		FAB1F14028844B0700C3D05F /* WatchCeMeal WatchKit Extension */ = {
			isa = PBXGroup;
			children = (
				FA584389288959AB00206AA3 /* Model */,
				FAB1F14328844B0700C3D05F /* CeMealApp.swift */,
				FAB1F14528844B0700C3D05F /* ComplicationController.swift */,
				FAB1F14728844B0800C3D05F /* Assets.xcassets */,
				FAB1F14C28844B0800C3D05F /* Info.plist */,
				55D712DB288803B3001FC19A /* ViewModel */,
				FAC2C85D28853A6800620152 /* Helper */,
				FAB1F15A28844B6F00C3D05F /* View */,
				FAB1F14928844B0800C3D05F /* Preview Content */,
			);
			path = "WatchCeMeal WatchKit Extension";
			sourceTree = "<group>";
		};
		FAB1F14928844B0800C3D05F /* Preview Content */ = {
			isa = PBXGroup;
			children = (
				FAB1F14A28844B0800C3D05F /* Preview Assets.xcassets */,
			);
			path = "Preview Content";
			sourceTree = "<group>";
		};
		FAB1F15A28844B6F00C3D05F /* View */ = {
			isa = PBXGroup;
			children = (
				FA769C4F2887C552002F1273 /* Complications */,
				FAB1F15B28844F2500C3D05F /* LeftoverView */,
				FAC2C85C288537D600620152 /* LeftoverDetailView */,
				FAD365CB28856EE4007F6E31 /* SearchResultView */,
				FAB1F14128844B0700C3D05F /* ContentView.swift */,
			);
			path = View;
			sourceTree = "<group>";
		};
		FAB1F15B28844F2500C3D05F /* LeftoverView */ = {
			isa = PBXGroup;
			children = (
				FAB1F15C28844F4400C3D05F /* LeftoverView.swift */,
				FAD365CE2885710E007F6E31 /* LeftoverListView.swift */,
				FA769C4D2886DE21002F1273 /* SearchBarView.swift */,
			);
			path = LeftoverView;
			sourceTree = "<group>";
		};
		FAC2C85C288537D600620152 /* LeftoverDetailView */ = {
			isa = PBXGroup;
			children = (
				FAD30C3C28852EAC00BDF972 /* LeftoverDetailView.swift */,
				FAC2C86028853AD500620152 /* ExpiredDateView.swift */,
				FAC2C86228853AE800620152 /* BuyDateView.swift */,
			);
			path = LeftoverDetailView;
			sourceTree = "<group>";
		};
		FAC2C85D28853A6800620152 /* Helper */ = {
			isa = PBXGroup;
			children = (
				FAC2C85E28853A7300620152 /* Date.swift */,
			);
			path = Helper;
			sourceTree = "<group>";
		};
		FAC70C5E28666CF2006CEF12 /* FavoriteView */ = {
			isa = PBXGroup;
			children = (
				FAC70C5F28666D17006CEF12 /* FavoriteView.swift */,
			);
			path = FavoriteView;
			sourceTree = "<group>";
		};
		FAD365CB28856EE4007F6E31 /* SearchResultView */ = {
			isa = PBXGroup;
			children = (
				FAD365CC28856EFB007F6E31 /* SearchResultView.swift */,
			);
			path = SearchResultView;
			sourceTree = "<group>";
		};
		FAD63A692866A164002B6130 /* RecipeView */ = {
			isa = PBXGroup;
			children = (
				FAD63A672866A0E7002B6130 /* RecipeListView.swift */,
				FAD63A6A2866A248002B6130 /* RecipeView.swift */,
				FAD63A6F28675895002B6130 /* RecipeIngredientsView.swift */,
				FAD63A71286758A5002B6130 /* RecipeDirectionsView.swift */,
				FAD63A73286758B5002B6130 /* RecipeSuggestionsView.swift */,
			);
			path = RecipeView;
			sourceTree = "<group>";
		};
		FAF6D5A628645F2D005FD65A /* Frameworks */ = {
			isa = PBXGroup;
			children = (
				FAF6D5A728645F2D005FD65A /* CloudKit.framework */,
			);
			name = Frameworks;
			sourceTree = "<group>";
		};
/* End PBXGroup section */

/* Begin PBXNativeTarget section */
		552C6AC8285B23C7001F4FB5 /* CeMeal */ = {
			isa = PBXNativeTarget;
			buildConfigurationList = 552C6ADC285B23C9001F4FB5 /* Build configuration list for PBXNativeTarget "CeMeal" */;
			buildPhases = (
				552C6AC5285B23C7001F4FB5 /* Sources */,
				552C6AC6285B23C7001F4FB5 /* Frameworks */,
				552C6AC7285B23C7001F4FB5 /* Resources */,
				FAB1F15028844B0800C3D05F /* Embed Watch Content */,
			);
			buildRules = (
			);
			dependencies = (
				FAB1F14E28844B0800C3D05F /* PBXTargetDependency */,
			);
			name = CeMeal;
			productName = CeMeal;
			productReference = 552C6AC9285B23C7001F4FB5 /* CeMeal.app */;
			productType = "com.apple.product-type.application";
		};
		FAB1F13328844B0600C3D05F /* WatchCeMeal */ = {
			isa = PBXNativeTarget;
			buildConfigurationList = FAB1F15728844B0800C3D05F /* Build configuration list for PBXNativeTarget "WatchCeMeal" */;
			buildPhases = (
				FAB1F13228844B0600C3D05F /* Resources */,
				FAB1F15328844B0800C3D05F /* Embed App Extensions */,
			);
			buildRules = (
			);
			dependencies = (
				FAB1F13F28844B0700C3D05F /* PBXTargetDependency */,
			);
			name = WatchCeMeal;
			productName = WatchCeMeal;
			productReference = FAB1F13428844B0600C3D05F /* WatchCeMeal.app */;
			productType = "com.apple.product-type.application.watchapp2";
		};
		FAB1F13B28844B0700C3D05F /* WatchCeMeal WatchKit Extension */ = {
			isa = PBXNativeTarget;
			buildConfigurationList = FAB1F15628844B0800C3D05F /* Build configuration list for PBXNativeTarget "WatchCeMeal WatchKit Extension" */;
			buildPhases = (
				FAB1F13828844B0700C3D05F /* Sources */,
				FAB1F13928844B0700C3D05F /* Frameworks */,
				FAB1F13A28844B0700C3D05F /* Resources */,
			);
			buildRules = (
			);
			dependencies = (
			);
			name = "WatchCeMeal WatchKit Extension";
			productName = "WatchCeMeal WatchKit Extension";
			productReference = FAB1F13C28844B0700C3D05F /* WatchCeMeal WatchKit Extension.appex */;
			productType = "com.apple.product-type.watchkit2-extension";
		};
/* End PBXNativeTarget section */

/* Begin PBXProject section */
		552C6AC1285B23C7001F4FB5 /* Project object */ = {
			isa = PBXProject;
			attributes = {
				BuildIndependentTargetsInParallel = 1;
				LastSwiftUpdateCheck = 1340;
				LastUpgradeCheck = 1340;
				TargetAttributes = {
					552C6AC8285B23C7001F4FB5 = {
						CreatedOnToolsVersion = 13.4.1;
					};
					FAB1F13328844B0600C3D05F = {
						CreatedOnToolsVersion = 13.4.1;
					};
					FAB1F13B28844B0700C3D05F = {
						CreatedOnToolsVersion = 13.4.1;
					};
				};
			};
			buildConfigurationList = 552C6AC4285B23C7001F4FB5 /* Build configuration list for PBXProject "CeMeal" */;
			compatibilityVersion = "Xcode 13.0";
			developmentRegion = en;
			hasScannedForEncodings = 0;
			knownRegions = (
				en,
				Base,
			);
			mainGroup = 552C6AC0285B23C7001F4FB5;
			productRefGroup = 552C6ACA285B23C7001F4FB5 /* Products */;
			projectDirPath = "";
			projectRoot = "";
			targets = (
				552C6AC8285B23C7001F4FB5 /* CeMeal */,
				FAB1F13328844B0600C3D05F /* WatchCeMeal */,
				FAB1F13B28844B0700C3D05F /* WatchCeMeal WatchKit Extension */,
			);
		};
/* End PBXProject section */

/* Begin PBXResourcesBuildPhase section */
		552C6AC7285B23C7001F4FB5 /* Resources */ = {
			isa = PBXResourcesBuildPhase;
			buildActionMask = 2147483647;
			files = (
				55F4678B2870C0BC0027738E /* Recipes.csv in Resources */,
				552C6AD4285B23C9001F4FB5 /* Preview Assets.xcassets in Resources */,
				552C6AD1285B23C9001F4FB5 /* Assets.xcassets in Resources */,
				55F4678728707E310027738E /* Ingredients.csv in Resources */,
			);
			runOnlyForDeploymentPostprocessing = 0;
		};
		FAB1F13228844B0600C3D05F /* Resources */ = {
			isa = PBXResourcesBuildPhase;
			buildActionMask = 2147483647;
			files = (
				FAB1F13728844B0700C3D05F /* Assets.xcassets in Resources */,
			);
			runOnlyForDeploymentPostprocessing = 0;
		};
		FAB1F13A28844B0700C3D05F /* Resources */ = {
			isa = PBXResourcesBuildPhase;
			buildActionMask = 2147483647;
			files = (
				FAB1F14B28844B0800C3D05F /* Preview Assets.xcassets in Resources */,
				FAB1F14828844B0800C3D05F /* Assets.xcassets in Resources */,
			);
			runOnlyForDeploymentPostprocessing = 0;
		};
/* End PBXResourcesBuildPhase section */

/* Begin PBXSourcesBuildPhase section */
		552C6AC5285B23C7001F4FB5 /* Sources */ = {
			isa = PBXSourcesBuildPhase;
			buildActionMask = 2147483647;
			files = (
				55D712DA28880393001FC19A /* ViewModelPhone.swift in Sources */,
				FA0C3F232872BF5B008FC5D0 /* CapsuleView.swift in Sources */,
				FA0C3F242872BF5B008FC5D0 /* TabbedView.swift in Sources */,
				FA6DAE0B286DC3B5006A5AE6 /* LeftoverViewModel.swift in Sources */,
				FA216DD1286EDBB200AC320F /* GenerateRecipeView.swift in Sources */,
				FAD63A682866A0E7002B6130 /* RecipeListView.swift in Sources */,
				FAD63A72286758A5002B6130 /* RecipeDirectionsView.swift in Sources */,
				FA6DAE03286CFD80006A5AE6 /* IngredientDetailView.swift in Sources */,
				FA8482B02871C32700EE4996 /* OnboardingViewModel.swift in Sources */,
				FA8482B72871D67100EE4996 /* LeftoverCheckupView.swift in Sources */,
				55EF8BFF286EB86D00529ED7 /* LeftoversViewModel.swift in Sources */,
				552C6AD6285B23C9001F4FB5 /* Persistence.swift in Sources */,
				FAD63A74286758B5002B6130 /* RecipeSuggestionsView.swift in Sources */,
				FA8482B92871DBB500EE4996 /* NavigationStackView.swift in Sources */,
				55EF8C07286ED06700529ED7 /* FavoriteViewModel.swift in Sources */,
				FA6D877028631F6E000E5225 /* Color.swift in Sources */,
				FA216DD9286F27C600AC320F /* AddMoreIngredientView.swift in Sources */,
				FA6D876E28631DA0000E5225 /* NavigationBarModifier.swift in Sources */,
				FACEDF0C2887FB95001E544A /* LocationManager.swift in Sources */,
				FA6D877A2863278A000E5225 /* LeftoverListView.swift in Sources */,
				FA8482AA2871BDEC00EE4996 /* OnboardingView.swift in Sources */,
				FA910467287156ED00EE3CBA /* AdditionalIngredientViewModel.swift in Sources */,
				FAC70C5D28658ABB006CEF12 /* SampleContentView.swift in Sources */,
				FA8482AE2871C2E300EE4996 /* Onboarding.swift in Sources */,
				FAD63A6D2866A2D1002B6130 /* Image.swift in Sources */,
				FAD63A7028675895002B6130 /* RecipeIngredientsView.swift in Sources */,
				FA8482B42871CE8100EE4996 /* ContentView.swift in Sources */,
				FA6D877328632049000E5225 /* Ingredient.swift in Sources */,
				FA216DD3286EE00900AC320F /* RecipeSectionView.swift in Sources */,
				552C6AD9285B23C9001F4FB5 /* CeMeal.xcdatamodeld in Sources */,
				55F4678328707C5D0027738E /* IngredientViewModel.swift in Sources */,
				FA6DAE09286D8044006A5AE6 /* Leftover.swift in Sources */,
				FAD63A6B2866A248002B6130 /* RecipeView.swift in Sources */,
				FA8482AC2871BF1B00EE4996 /* OnboardingTabView.swift in Sources */,
				FA8482BB2871DC2100EE4996 /* SessionManager.swift in Sources */,
				FA910465287155D600EE3CBA /* AdditionalIngredient.swift in Sources */,
				FA0276E828643BE20032B1DD /* Float.swift in Sources */,
				FA0276E62864389C0032B1DD /* Date.swift in Sources */,
				FA6D87662862D7BF000E5225 /* LeftoverView.swift in Sources */,
				FAC70C5B28656D7F006CEF12 /* Button.swift in Sources */,
				55F4678528707C950027738E /* RecipeViewModel.swift in Sources */,
				FAC70C6028666D17006CEF12 /* FavoriteView.swift in Sources */,
				FA8D9EC82872DC6100F87BBA /* EmptyRecipePlaceholderView.swift in Sources */,
				552C6ACD285B23C7001F4FB5 /* CeMealApp.swift in Sources */,
				FAD63A6428666FF5002B6130 /* Recipe.swift in Sources */,
				FAA77538286AD7BE009D4F2B /* AddIngredientView.swift in Sources */,
			);
			runOnlyForDeploymentPostprocessing = 0;
		};
		FAB1F13828844B0700C3D05F /* Sources */ = {
			isa = PBXSourcesBuildPhase;
			buildActionMask = 2147483647;
			files = (
				FAB1F14428844B0700C3D05F /* CeMealApp.swift in Sources */,
				FAC2C85F28853A7300620152 /* Date.swift in Sources */,
				55D712DD288803B3001FC19A /* ViewModelWatch.swift in Sources */,
				FAD30C3D28852EAC00BDF972 /* LeftoverDetailView.swift in Sources */,
				FA769C4E2886DE21002F1273 /* SearchBarView.swift in Sources */,
				FAC2C86328853AE800620152 /* BuyDateView.swift in Sources */,
				FA58438B288959B700206AA3 /* Leftover.swift in Sources */,
				FACEDF0A2887EB2E001E544A /* RectangularComplicationView.swift in Sources */,
				FAB1F14228844B0700C3D05F /* ContentView.swift in Sources */,
				55D712DE288803EC001FC19A /* CeMeal.xcdatamodeld in Sources */,
				55D712D82888032C001FC19A /* LeftoversViewModel.swift in Sources */,
				FAB1F14628844B0700C3D05F /* ComplicationController.swift in Sources */,
				FA769C512887C576002F1273 /* CircularComplicationView.swift in Sources */,
				FAB1F15D28844F4400C3D05F /* LeftoverView.swift in Sources */,
				FACEDF082887D276001E544A /* ExtraLargeComplicationView.swift in Sources */,
				FAC2C86128853AD500620152 /* ExpiredDateView.swift in Sources */,
				FAD365CD28856EFB007F6E31 /* SearchResultView.swift in Sources */,
				FAD365CF2885710E007F6E31 /* LeftoverListView.swift in Sources */,
			);
			runOnlyForDeploymentPostprocessing = 0;
		};
/* End PBXSourcesBuildPhase section */

/* Begin PBXTargetDependency section */
		FAB1F13F28844B0700C3D05F /* PBXTargetDependency */ = {
			isa = PBXTargetDependency;
			target = FAB1F13B28844B0700C3D05F /* WatchCeMeal WatchKit Extension */;
			targetProxy = FAB1F13E28844B0700C3D05F /* PBXContainerItemProxy */;
		};
		FAB1F14E28844B0800C3D05F /* PBXTargetDependency */ = {
			isa = PBXTargetDependency;
			target = FAB1F13328844B0600C3D05F /* WatchCeMeal */;
			targetProxy = FAB1F14D28844B0800C3D05F /* PBXContainerItemProxy */;
		};
/* End PBXTargetDependency section */

/* Begin XCBuildConfiguration section */
		552C6ADA285B23C9001F4FB5 /* Debug */ = {
			isa = XCBuildConfiguration;
			buildSettings = {
				ALWAYS_SEARCH_USER_PATHS = NO;
				CLANG_ANALYZER_NONNULL = YES;
				CLANG_ANALYZER_NUMBER_OBJECT_CONVERSION = YES_AGGRESSIVE;
				CLANG_CXX_LANGUAGE_STANDARD = "gnu++17";
				CLANG_ENABLE_MODULES = YES;
				CLANG_ENABLE_OBJC_ARC = YES;
				CLANG_ENABLE_OBJC_WEAK = YES;
				CLANG_WARN_BLOCK_CAPTURE_AUTORELEASING = YES;
				CLANG_WARN_BOOL_CONVERSION = YES;
				CLANG_WARN_COMMA = YES;
				CLANG_WARN_CONSTANT_CONVERSION = YES;
				CLANG_WARN_DEPRECATED_OBJC_IMPLEMENTATIONS = YES;
				CLANG_WARN_DIRECT_OBJC_ISA_USAGE = YES_ERROR;
				CLANG_WARN_DOCUMENTATION_COMMENTS = YES;
				CLANG_WARN_EMPTY_BODY = YES;
				CLANG_WARN_ENUM_CONVERSION = YES;
				CLANG_WARN_INFINITE_RECURSION = YES;
				CLANG_WARN_INT_CONVERSION = YES;
				CLANG_WARN_NON_LITERAL_NULL_CONVERSION = YES;
				CLANG_WARN_OBJC_IMPLICIT_RETAIN_SELF = YES;
				CLANG_WARN_OBJC_LITERAL_CONVERSION = YES;
				CLANG_WARN_OBJC_ROOT_CLASS = YES_ERROR;
				CLANG_WARN_QUOTED_INCLUDE_IN_FRAMEWORK_HEADER = YES;
				CLANG_WARN_RANGE_LOOP_ANALYSIS = YES;
				CLANG_WARN_STRICT_PROTOTYPES = YES;
				CLANG_WARN_SUSPICIOUS_MOVE = YES;
				CLANG_WARN_UNGUARDED_AVAILABILITY = YES_AGGRESSIVE;
				CLANG_WARN_UNREACHABLE_CODE = YES;
				CLANG_WARN__DUPLICATE_METHOD_MATCH = YES;
				COPY_PHASE_STRIP = NO;
				DEBUG_INFORMATION_FORMAT = dwarf;
				ENABLE_STRICT_OBJC_MSGSEND = YES;
				ENABLE_TESTABILITY = YES;
				GCC_C_LANGUAGE_STANDARD = gnu11;
				GCC_DYNAMIC_NO_PIC = NO;
				GCC_NO_COMMON_BLOCKS = YES;
				GCC_OPTIMIZATION_LEVEL = 0;
				GCC_PREPROCESSOR_DEFINITIONS = (
					"DEBUG=1",
					"$(inherited)",
				);
				GCC_WARN_64_TO_32_BIT_CONVERSION = YES;
				GCC_WARN_ABOUT_RETURN_TYPE = YES_ERROR;
				GCC_WARN_UNDECLARED_SELECTOR = YES;
				GCC_WARN_UNINITIALIZED_AUTOS = YES_AGGRESSIVE;
				GCC_WARN_UNUSED_FUNCTION = YES;
				GCC_WARN_UNUSED_VARIABLE = YES;
				IPHONEOS_DEPLOYMENT_TARGET = 15.5;
				MTL_ENABLE_DEBUG_INFO = INCLUDE_SOURCE;
				MTL_FAST_MATH = YES;
				ONLY_ACTIVE_ARCH = YES;
				SDKROOT = iphoneos;
				SWIFT_ACTIVE_COMPILATION_CONDITIONS = DEBUG;
				SWIFT_OPTIMIZATION_LEVEL = "-Onone";
			};
			name = Debug;
		};
		552C6ADB285B23C9001F4FB5 /* Release */ = {
			isa = XCBuildConfiguration;
			buildSettings = {
				ALWAYS_SEARCH_USER_PATHS = NO;
				CLANG_ANALYZER_NONNULL = YES;
				CLANG_ANALYZER_NUMBER_OBJECT_CONVERSION = YES_AGGRESSIVE;
				CLANG_CXX_LANGUAGE_STANDARD = "gnu++17";
				CLANG_ENABLE_MODULES = YES;
				CLANG_ENABLE_OBJC_ARC = YES;
				CLANG_ENABLE_OBJC_WEAK = YES;
				CLANG_WARN_BLOCK_CAPTURE_AUTORELEASING = YES;
				CLANG_WARN_BOOL_CONVERSION = YES;
				CLANG_WARN_COMMA = YES;
				CLANG_WARN_CONSTANT_CONVERSION = YES;
				CLANG_WARN_DEPRECATED_OBJC_IMPLEMENTATIONS = YES;
				CLANG_WARN_DIRECT_OBJC_ISA_USAGE = YES_ERROR;
				CLANG_WARN_DOCUMENTATION_COMMENTS = YES;
				CLANG_WARN_EMPTY_BODY = YES;
				CLANG_WARN_ENUM_CONVERSION = YES;
				CLANG_WARN_INFINITE_RECURSION = YES;
				CLANG_WARN_INT_CONVERSION = YES;
				CLANG_WARN_NON_LITERAL_NULL_CONVERSION = YES;
				CLANG_WARN_OBJC_IMPLICIT_RETAIN_SELF = YES;
				CLANG_WARN_OBJC_LITERAL_CONVERSION = YES;
				CLANG_WARN_OBJC_ROOT_CLASS = YES_ERROR;
				CLANG_WARN_QUOTED_INCLUDE_IN_FRAMEWORK_HEADER = YES;
				CLANG_WARN_RANGE_LOOP_ANALYSIS = YES;
				CLANG_WARN_STRICT_PROTOTYPES = YES;
				CLANG_WARN_SUSPICIOUS_MOVE = YES;
				CLANG_WARN_UNGUARDED_AVAILABILITY = YES_AGGRESSIVE;
				CLANG_WARN_UNREACHABLE_CODE = YES;
				CLANG_WARN__DUPLICATE_METHOD_MATCH = YES;
				COPY_PHASE_STRIP = NO;
				DEBUG_INFORMATION_FORMAT = "dwarf-with-dsym";
				ENABLE_NS_ASSERTIONS = NO;
				ENABLE_STRICT_OBJC_MSGSEND = YES;
				GCC_C_LANGUAGE_STANDARD = gnu11;
				GCC_NO_COMMON_BLOCKS = YES;
				GCC_WARN_64_TO_32_BIT_CONVERSION = YES;
				GCC_WARN_ABOUT_RETURN_TYPE = YES_ERROR;
				GCC_WARN_UNDECLARED_SELECTOR = YES;
				GCC_WARN_UNINITIALIZED_AUTOS = YES_AGGRESSIVE;
				GCC_WARN_UNUSED_FUNCTION = YES;
				GCC_WARN_UNUSED_VARIABLE = YES;
				IPHONEOS_DEPLOYMENT_TARGET = 15.5;
				MTL_ENABLE_DEBUG_INFO = NO;
				MTL_FAST_MATH = YES;
				SDKROOT = iphoneos;
				SWIFT_COMPILATION_MODE = wholemodule;
				SWIFT_OPTIMIZATION_LEVEL = "-O";
				VALIDATE_PRODUCT = YES;
			};
			name = Release;
		};
		552C6ADD285B23C9001F4FB5 /* Debug */ = {
			isa = XCBuildConfiguration;
			buildSettings = {
				ASSETCATALOG_COMPILER_APPICON_NAME = AppIcon;
				ASSETCATALOG_COMPILER_GLOBAL_ACCENT_COLOR_NAME = AccentColor;
				CODE_SIGN_ENTITLEMENTS = CeMeal/CeMeal.entitlements;
				CODE_SIGN_STYLE = Automatic;
				CURRENT_PROJECT_VERSION = 1;
				DEVELOPMENT_ASSET_PATHS = "\"CeMeal/Preview Content\"";
				DEVELOPMENT_TEAM = 6PDVJXGB2J;
				ENABLE_PREVIEWS = YES;
				GENERATE_INFOPLIST_FILE = YES;
				INFOPLIST_KEY_NSLocationAlwaysAndWhenInUseUsageDescription = "Location access is needed to get you notified in grocery store.";
				INFOPLIST_KEY_NSLocationWhenInUseUsageDescription = "Location access is needed";
				INFOPLIST_KEY_UIApplicationSceneManifest_Generation = YES;
				INFOPLIST_KEY_UIApplicationSupportsIndirectInputEvents = YES;
				INFOPLIST_KEY_UILaunchScreen_Generation = YES;
				INFOPLIST_KEY_UISupportedInterfaceOrientations_iPad = "UIInterfaceOrientationPortrait UIInterfaceOrientationPortraitUpsideDown UIInterfaceOrientationLandscapeLeft UIInterfaceOrientationLandscapeRight";
				INFOPLIST_KEY_UISupportedInterfaceOrientations_iPhone = "UIInterfaceOrientationPortrait UIInterfaceOrientationLandscapeLeft UIInterfaceOrientationLandscapeRight";
				LD_RUNPATH_SEARCH_PATHS = (
					"$(inherited)",
					"@executable_path/Frameworks",
				);
				MARKETING_VERSION = 0.5;
				PRODUCT_BUNDLE_IDENTIFIER = com.darmawiryanata.CeMeal;
				PRODUCT_NAME = "$(TARGET_NAME)";
				SWIFT_EMIT_LOC_STRINGS = YES;
				SWIFT_VERSION = 5.0;
				TARGETED_DEVICE_FAMILY = "1,2";
			};
			name = Debug;
		};
		552C6ADE285B23C9001F4FB5 /* Release */ = {
			isa = XCBuildConfiguration;
			buildSettings = {
				ASSETCATALOG_COMPILER_APPICON_NAME = AppIcon;
				ASSETCATALOG_COMPILER_GLOBAL_ACCENT_COLOR_NAME = AccentColor;
				CODE_SIGN_ENTITLEMENTS = CeMeal/CeMeal.entitlements;
				CODE_SIGN_STYLE = Automatic;
				CURRENT_PROJECT_VERSION = 1;
				DEVELOPMENT_ASSET_PATHS = "\"CeMeal/Preview Content\"";
				DEVELOPMENT_TEAM = 6PDVJXGB2J;
				ENABLE_PREVIEWS = YES;
				GENERATE_INFOPLIST_FILE = YES;
				INFOPLIST_KEY_NSLocationAlwaysAndWhenInUseUsageDescription = "Location access is needed to get you notified in grocery store.";
				INFOPLIST_KEY_NSLocationWhenInUseUsageDescription = "Location access is needed";
				INFOPLIST_KEY_UIApplicationSceneManifest_Generation = YES;
				INFOPLIST_KEY_UIApplicationSupportsIndirectInputEvents = YES;
				INFOPLIST_KEY_UILaunchScreen_Generation = YES;
				INFOPLIST_KEY_UISupportedInterfaceOrientations_iPad = "UIInterfaceOrientationPortrait UIInterfaceOrientationPortraitUpsideDown UIInterfaceOrientationLandscapeLeft UIInterfaceOrientationLandscapeRight";
				INFOPLIST_KEY_UISupportedInterfaceOrientations_iPhone = "UIInterfaceOrientationPortrait UIInterfaceOrientationLandscapeLeft UIInterfaceOrientationLandscapeRight";
				LD_RUNPATH_SEARCH_PATHS = (
					"$(inherited)",
					"@executable_path/Frameworks",
				);
				MARKETING_VERSION = 0.5;
				PRODUCT_BUNDLE_IDENTIFIER = com.darmawiryanata.CeMeal;
				PRODUCT_NAME = "$(TARGET_NAME)";
				SWIFT_EMIT_LOC_STRINGS = YES;
				SWIFT_VERSION = 5.0;
				TARGETED_DEVICE_FAMILY = "1,2";
			};
			name = Release;
		};
		FAB1F15128844B0800C3D05F /* Debug */ = {
			isa = XCBuildConfiguration;
			buildSettings = {
				ALWAYS_EMBED_SWIFT_STANDARD_LIBRARIES = YES;
				ASSETCATALOG_COMPILER_APPICON_NAME = AppIcon;
				ASSETCATALOG_COMPILER_GLOBAL_ACCENT_COLOR_NAME = AccentColor;
				CODE_SIGN_STYLE = Automatic;
				CURRENT_PROJECT_VERSION = 1;
				DEVELOPMENT_TEAM = 6PDVJXGB2J;
				GENERATE_INFOPLIST_FILE = YES;
				IBSC_MODULE = WatchCeMeal_WatchKit_Extension;
				INFOPLIST_KEY_CFBundleDisplayName = WatchCeMeal;
				INFOPLIST_KEY_UISupportedInterfaceOrientations = "UIInterfaceOrientationPortrait UIInterfaceOrientationPortraitUpsideDown";
				INFOPLIST_KEY_WKCompanionAppBundleIdentifier = com.darmawiryanata.CeMeal;
				MARKETING_VERSION = 0.5;
				PRODUCT_BUNDLE_IDENTIFIER = com.darmawiryanata.CeMeal.watchkitapp;
				PRODUCT_NAME = "$(TARGET_NAME)";
				SDKROOT = watchos;
				SKIP_INSTALL = YES;
				SWIFT_EMIT_LOC_STRINGS = YES;
				SWIFT_VERSION = 5.0;
				TARGETED_DEVICE_FAMILY = 4;
				WATCHOS_DEPLOYMENT_TARGET = 8.5;
			};
			name = Debug;
		};
		FAB1F15228844B0800C3D05F /* Release */ = {
			isa = XCBuildConfiguration;
			buildSettings = {
				ALWAYS_EMBED_SWIFT_STANDARD_LIBRARIES = YES;
				ASSETCATALOG_COMPILER_APPICON_NAME = AppIcon;
				ASSETCATALOG_COMPILER_GLOBAL_ACCENT_COLOR_NAME = AccentColor;
				CODE_SIGN_STYLE = Automatic;
				CURRENT_PROJECT_VERSION = 1;
				DEVELOPMENT_TEAM = 6PDVJXGB2J;
				GENERATE_INFOPLIST_FILE = YES;
				IBSC_MODULE = WatchCeMeal_WatchKit_Extension;
				INFOPLIST_KEY_CFBundleDisplayName = WatchCeMeal;
				INFOPLIST_KEY_UISupportedInterfaceOrientations = "UIInterfaceOrientationPortrait UIInterfaceOrientationPortraitUpsideDown";
				INFOPLIST_KEY_WKCompanionAppBundleIdentifier = com.darmawiryanata.CeMeal;
				MARKETING_VERSION = 0.5;
				PRODUCT_BUNDLE_IDENTIFIER = com.darmawiryanata.CeMeal.watchkitapp;
				PRODUCT_NAME = "$(TARGET_NAME)";
				SDKROOT = watchos;
				SKIP_INSTALL = YES;
				SWIFT_EMIT_LOC_STRINGS = YES;
				SWIFT_VERSION = 5.0;
				TARGETED_DEVICE_FAMILY = 4;
				WATCHOS_DEPLOYMENT_TARGET = 8.5;
			};
			name = Release;
		};
		FAB1F15428844B0800C3D05F /* Debug */ = {
			isa = XCBuildConfiguration;
			buildSettings = {
				ASSETCATALOG_COMPILER_COMPLICATION_NAME = Complication;
				CODE_SIGN_STYLE = Automatic;
				CURRENT_PROJECT_VERSION = 1;
				DEVELOPMENT_ASSET_PATHS = "\"WatchCeMeal WatchKit Extension/Preview Content\"";
				DEVELOPMENT_TEAM = 6PDVJXGB2J;
				ENABLE_PREVIEWS = YES;
				GENERATE_INFOPLIST_FILE = YES;
				INFOPLIST_FILE = "WatchCeMeal WatchKit Extension/Info.plist";
				INFOPLIST_KEY_CFBundleDisplayName = "WatchCeMeal WatchKit Extension";
				INFOPLIST_KEY_CLKComplicationPrincipalClass = WatchCeMeal_WatchKit_Extension.ComplicationController;
				INFOPLIST_KEY_NSHumanReadableCopyright = "";
				LD_RUNPATH_SEARCH_PATHS = (
					"$(inherited)",
					"@executable_path/Frameworks",
					"@executable_path/../../Frameworks",
				);
				MARKETING_VERSION = 0.5;
				PRODUCT_BUNDLE_IDENTIFIER = com.darmawiryanata.CeMeal.watchkitapp.watchkitextension;
				PRODUCT_NAME = "${TARGET_NAME}";
				SDKROOT = watchos;
				SKIP_INSTALL = YES;
				SWIFT_EMIT_LOC_STRINGS = YES;
				SWIFT_VERSION = 5.0;
				TARGETED_DEVICE_FAMILY = 4;
				WATCHOS_DEPLOYMENT_TARGET = 8.5;
			};
			name = Debug;
		};
		FAB1F15528844B0800C3D05F /* Release */ = {
			isa = XCBuildConfiguration;
			buildSettings = {
				ASSETCATALOG_COMPILER_COMPLICATION_NAME = Complication;
				CODE_SIGN_STYLE = Automatic;
				CURRENT_PROJECT_VERSION = 1;
				DEVELOPMENT_ASSET_PATHS = "\"WatchCeMeal WatchKit Extension/Preview Content\"";
				DEVELOPMENT_TEAM = 6PDVJXGB2J;
				ENABLE_PREVIEWS = YES;
				GENERATE_INFOPLIST_FILE = YES;
				INFOPLIST_FILE = "WatchCeMeal WatchKit Extension/Info.plist";
				INFOPLIST_KEY_CFBundleDisplayName = "WatchCeMeal WatchKit Extension";
				INFOPLIST_KEY_CLKComplicationPrincipalClass = WatchCeMeal_WatchKit_Extension.ComplicationController;
				INFOPLIST_KEY_NSHumanReadableCopyright = "";
				LD_RUNPATH_SEARCH_PATHS = (
					"$(inherited)",
					"@executable_path/Frameworks",
					"@executable_path/../../Frameworks",
				);
				MARKETING_VERSION = 0.5;
				PRODUCT_BUNDLE_IDENTIFIER = com.darmawiryanata.CeMeal.watchkitapp.watchkitextension;
				PRODUCT_NAME = "${TARGET_NAME}";
				SDKROOT = watchos;
				SKIP_INSTALL = YES;
				SWIFT_EMIT_LOC_STRINGS = YES;
				SWIFT_VERSION = 5.0;
				TARGETED_DEVICE_FAMILY = 4;
				WATCHOS_DEPLOYMENT_TARGET = 8.5;
			};
			name = Release;
		};
/* End XCBuildConfiguration section */

/* Begin XCConfigurationList section */
		552C6AC4285B23C7001F4FB5 /* Build configuration list for PBXProject "CeMeal" */ = {
			isa = XCConfigurationList;
			buildConfigurations = (
				552C6ADA285B23C9001F4FB5 /* Debug */,
				552C6ADB285B23C9001F4FB5 /* Release */,
			);
			defaultConfigurationIsVisible = 0;
			defaultConfigurationName = Release;
		};
		552C6ADC285B23C9001F4FB5 /* Build configuration list for PBXNativeTarget "CeMeal" */ = {
			isa = XCConfigurationList;
			buildConfigurations = (
				552C6ADD285B23C9001F4FB5 /* Debug */,
				552C6ADE285B23C9001F4FB5 /* Release */,
			);
			defaultConfigurationIsVisible = 0;
			defaultConfigurationName = Release;
		};
		FAB1F15628844B0800C3D05F /* Build configuration list for PBXNativeTarget "WatchCeMeal WatchKit Extension" */ = {
			isa = XCConfigurationList;
			buildConfigurations = (
				FAB1F15428844B0800C3D05F /* Debug */,
				FAB1F15528844B0800C3D05F /* Release */,
			);
			defaultConfigurationIsVisible = 0;
			defaultConfigurationName = Release;
		};
		FAB1F15728844B0800C3D05F /* Build configuration list for PBXNativeTarget "WatchCeMeal" */ = {
			isa = XCConfigurationList;
			buildConfigurations = (
				FAB1F15128844B0800C3D05F /* Debug */,
				FAB1F15228844B0800C3D05F /* Release */,
			);
			defaultConfigurationIsVisible = 0;
			defaultConfigurationName = Release;
		};
/* End XCConfigurationList section */

/* Begin XCVersionGroup section */
		552C6AD7285B23C9001F4FB5 /* CeMeal.xcdatamodeld */ = {
			isa = XCVersionGroup;
			children = (
				552C6AD8285B23C9001F4FB5 /* CeMeal.xcdatamodel */,
			);
			currentVersion = 552C6AD8285B23C9001F4FB5 /* CeMeal.xcdatamodel */;
			name = CeMeal.xcdatamodeld;
			path = ../CeMeal/CeMeal.xcdatamodeld;
			sourceTree = "<group>";
			versionGroupType = wrapper.xcdatamodel;
		};
/* End XCVersionGroup section */
	};
	rootObject = 552C6AC1285B23C7001F4FB5 /* Project object */;
}
